// !$*UTF8*$!
{
	archiveVersion = 1;
	classes = {
	};
	objectVersion = 46;
	objects = {

/* Begin PBXBuildFile section */
		6F6E265B20A1A09E00DC5193 /* MainViewController.swift in Sources */ = {isa = PBXBuildFile; fileRef = 6F6E265A20A1A09E00DC5193 /* MainViewController.swift */; };
		6F6E265D20A1A3A900DC5193 /* InventoryViewController.swift in Sources */ = {isa = PBXBuildFile; fileRef = 6F6E265C20A1A3A900DC5193 /* InventoryViewController.swift */; };
		6F6E265F20A1A70200DC5193 /* Tag.swift in Sources */ = {isa = PBXBuildFile; fileRef = 6F6E265E20A1A70200DC5193 /* Tag.swift */; };
		6F6E266120A1AB3400DC5193 /* UIViewController+ErrorMessage.swift in Sources */ = {isa = PBXBuildFile; fileRef = 6F6E266020A1AB3400DC5193 /* UIViewController+ErrorMessage.swift */; };
		6F6E266320A1C2CD00DC5193 /* TagInfoViewController.swift in Sources */ = {isa = PBXBuildFile; fileRef = 6F6E266220A1C2CD00DC5193 /* TagInfoViewController.swift */; };
		6F9E8D791D7F2D8F00512C56 /* AppDelegate.swift in Sources */ = {isa = PBXBuildFile; fileRef = 6F9E8D781D7F2D8F00512C56 /* AppDelegate.swift */; };
		6F9E8D7B1D7F2D8F00512C56 /* SelectReaderViewController.swift in Sources */ = {isa = PBXBuildFile; fileRef = 6F9E8D7A1D7F2D8F00512C56 /* SelectReaderViewController.swift */; };
		6F9E8D7E1D7F2D8F00512C56 /* Main.storyboard in Resources */ = {isa = PBXBuildFile; fileRef = 6F9E8D7C1D7F2D8F00512C56 /* Main.storyboard */; };
		6F9E8D801D7F2D8F00512C56 /* Assets.xcassets in Resources */ = {isa = PBXBuildFile; fileRef = 6F9E8D7F1D7F2D8F00512C56 /* Assets.xcassets */; };
		6F9E8D831D7F2D8F00512C56 /* LaunchScreen.storyboard in Resources */ = {isa = PBXBuildFile; fileRef = 6F9E8D811D7F2D8F00512C56 /* LaunchScreen.storyboard */; };
		EC8DEB8B2366C2F40008829B /* NurAPIBluetooth.framework in Frameworks */ = {isa = PBXBuildFile; fileRef = EC8DEB8A2366C2F40008829B /* NurAPIBluetooth.framework */; };
		EC8DEB8C2366C2F40008829B /* NurAPIBluetooth.framework in Embed Frameworks */ = {isa = PBXBuildFile; fileRef = EC8DEB8A2366C2F40008829B /* NurAPIBluetooth.framework */; settings = {ATTRIBUTES = (CodeSignOnCopy, RemoveHeadersOnCopy, ); }; };
		EC8DEB8E2366C3090008829B /* NurAPIBluetooth.framework in Frameworks */ = {isa = PBXBuildFile; fileRef = EC8DEB8D2366C3090008829B /* NurAPIBluetooth.framework */; };
/* End PBXBuildFile section */

/* Begin PBXCopyFilesBuildPhase section */
		EC8DEB802366BC220008829B /* Embed Frameworks */ = {
			isa = PBXCopyFilesBuildPhase;
			buildActionMask = 2147483647;
			dstPath = "";
			dstSubfolderSpec = 10;
			files = (
				EC8DEB8C2366C2F40008829B /* NurAPIBluetooth.framework in Embed Frameworks */,
			);
			name = "Embed Frameworks";
			runOnlyForDeploymentPostprocessing = 0;
		};
/* End PBXCopyFilesBuildPhase section */

/* Begin PBXFileReference section */
		6F6E265A20A1A09E00DC5193 /* MainViewController.swift */ = {isa = PBXFileReference; lastKnownFileType = sourcecode.swift; path = MainViewController.swift; sourceTree = "<group>"; };
		6F6E265C20A1A3A900DC5193 /* InventoryViewController.swift */ = {isa = PBXFileReference; lastKnownFileType = sourcecode.swift; path = InventoryViewController.swift; sourceTree = "<group>"; };
		6F6E265E20A1A70200DC5193 /* Tag.swift */ = {isa = PBXFileReference; fileEncoding = 4; lastKnownFileType = sourcecode.swift; path = Tag.swift; sourceTree = "<group>"; };
		6F6E266020A1AB3400DC5193 /* UIViewController+ErrorMessage.swift */ = {isa = PBXFileReference; lastKnownFileType = sourcecode.swift; path = "UIViewController+ErrorMessage.swift"; sourceTree = "<group>"; };
		6F6E266220A1C2CD00DC5193 /* TagInfoViewController.swift */ = {isa = PBXFileReference; lastKnownFileType = sourcecode.swift; path = TagInfoViewController.swift; sourceTree = "<group>"; };
		6F9E8D751D7F2D8F00512C56 /* NURAPI Swift Demo.app */ = {isa = PBXFileReference; explicitFileType = wrapper.application; includeInIndex = 0; path = "NURAPI Swift Demo.app"; sourceTree = BUILT_PRODUCTS_DIR; };
		6F9E8D781D7F2D8F00512C56 /* AppDelegate.swift */ = {isa = PBXFileReference; lastKnownFileType = sourcecode.swift; path = AppDelegate.swift; sourceTree = "<group>"; };
		6F9E8D7A1D7F2D8F00512C56 /* SelectReaderViewController.swift */ = {isa = PBXFileReference; lastKnownFileType = sourcecode.swift; path = SelectReaderViewController.swift; sourceTree = "<group>"; };
		6F9E8D7D1D7F2D8F00512C56 /* Base */ = {isa = PBXFileReference; lastKnownFileType = file.storyboard; name = Base; path = Base.lproj/Main.storyboard; sourceTree = "<group>"; };
		6F9E8D7F1D7F2D8F00512C56 /* Assets.xcassets */ = {isa = PBXFileReference; lastKnownFileType = folder.assetcatalog; path = Assets.xcassets; sourceTree = "<group>"; };
		6F9E8D821D7F2D8F00512C56 /* Base */ = {isa = PBXFileReference; lastKnownFileType = file.storyboard; name = Base; path = Base.lproj/LaunchScreen.storyboard; sourceTree = "<group>"; };
		6F9E8D841D7F2D8F00512C56 /* Info.plist */ = {isa = PBXFileReference; lastKnownFileType = text.plist.xml; path = Info.plist; sourceTree = "<group>"; };
		6F9E8DD21D809B9100512C56 /* NURAPI Swift Demo-Bridging-Header.h */ = {isa = PBXFileReference; fileEncoding = 4; lastKnownFileType = sourcecode.c.h; path = "NURAPI Swift Demo-Bridging-Header.h"; sourceTree = "<group>"; };
		EC8DEB8A2366C2F40008829B /* NurAPIBluetooth.framework */ = {isa = PBXFileReference; lastKnownFileType = wrapper.framework; name = NurAPIBluetooth.framework; path = ../NurAPIBluetooth.framework; sourceTree = "<group>"; };
		EC8DEB8D2366C3090008829B /* NurAPIBluetooth.framework */ = {isa = PBXFileReference; lastKnownFileType = wrapper.framework; name = NurAPIBluetooth.framework; path = ../NurAPIBluetooth.framework; sourceTree = "<group>"; };
/* End PBXFileReference section */

/* Begin PBXFrameworksBuildPhase section */
		6F9E8D721D7F2D8F00512C56 /* Frameworks */ = {
			isa = PBXFrameworksBuildPhase;
			buildActionMask = 2147483647;
			files = (
				EC8DEB8E2366C3090008829B /* NurAPIBluetooth.framework in Frameworks */,
				EC8DEB8B2366C2F40008829B /* NurAPIBluetooth.framework in Frameworks */,
			);
			runOnlyForDeploymentPostprocessing = 0;
		};
/* End PBXFrameworksBuildPhase section */

/* Begin PBXGroup section */
		6F6F0BC21D9CF85600370330 /* Storyboards */ = {
			isa = PBXGroup;
			children = (
				6F9E8D7C1D7F2D8F00512C56 /* Main.storyboard */,
				6F9E8D811D7F2D8F00512C56 /* LaunchScreen.storyboard */,
			);
			name = Storyboards;
			sourceTree = "<group>";
		};
		6F9E8D6C1D7F2D8F00512C56 = {
			isa = PBXGroup;
			children = (
				EC8DEB8D2366C3090008829B /* NurAPIBluetooth.framework */,
				6F9E8D771D7F2D8F00512C56 /* Source */,
				6F9E8D761D7F2D8F00512C56 /* Products */,
				EC8DEB7D2366BC220008829B /* Frameworks */,
			);
			sourceTree = "<group>";
		};
		6F9E8D761D7F2D8F00512C56 /* Products */ = {
			isa = PBXGroup;
			children = (
				6F9E8D751D7F2D8F00512C56 /* NURAPI Swift Demo.app */,
			);
			name = Products;
			sourceTree = "<group>";
		};
		6F9E8D771D7F2D8F00512C56 /* Source */ = {
			isa = PBXGroup;
			children = (
				6F6E265E20A1A70200DC5193 /* Tag.swift */,
				6F9E8D781D7F2D8F00512C56 /* AppDelegate.swift */,
				6F9E8D7F1D7F2D8F00512C56 /* Assets.xcassets */,
				6F9E8D841D7F2D8F00512C56 /* Info.plist */,
				6F6E265A20A1A09E00DC5193 /* MainViewController.swift */,
				6F9E8DD21D809B9100512C56 /* NURAPI Swift Demo-Bridging-Header.h */,
				6F9E8D7A1D7F2D8F00512C56 /* SelectReaderViewController.swift */,
				6F6F0BC21D9CF85600370330 /* Storyboards */,
				6F6E265C20A1A3A900DC5193 /* InventoryViewController.swift */,
				6F6E266020A1AB3400DC5193 /* UIViewController+ErrorMessage.swift */,
				6F6E266220A1C2CD00DC5193 /* TagInfoViewController.swift */,
			);
			path = Source;
			sourceTree = "<group>";
		};
		EC8DEB7D2366BC220008829B /* Frameworks */ = {
			isa = PBXGroup;
			children = (
				EC8DEB8A2366C2F40008829B /* NurAPIBluetooth.framework */,
			);
			name = Frameworks;
			sourceTree = "<group>";
		};
/* End PBXGroup section */

/* Begin PBXNativeTarget section */
		6F9E8D741D7F2D8F00512C56 /* NURAPI Swift Demo */ = {
			isa = PBXNativeTarget;
			buildConfigurationList = 6F9E8D871D7F2D8F00512C56 /* Build configuration list for PBXNativeTarget "NURAPI Swift Demo" */;
			buildPhases = (
				6F9E8D711D7F2D8F00512C56 /* Sources */,
				6F9E8D721D7F2D8F00512C56 /* Frameworks */,
				6F9E8D731D7F2D8F00512C56 /* Resources */,
				EC8DEB802366BC220008829B /* Embed Frameworks */,
			);
			buildRules = (
			);
			dependencies = (
			);
			name = "NURAPI Swift Demo";
			productName = "NURAPI Swift Demo";
			productReference = 6F9E8D751D7F2D8F00512C56 /* NURAPI Swift Demo.app */;
			productType = "com.apple.product-type.application";
		};
/* End PBXNativeTarget section */

/* Begin PBXProject section */
		6F9E8D6D1D7F2D8F00512C56 /* Project object */ = {
			isa = PBXProject;
			attributes = {
				LastSwiftUpdateCheck = 0800;
				LastUpgradeCheck = 0920;
				ORGANIZATIONNAME = "Jan Ekholm";
				TargetAttributes = {
					6F9E8D741D7F2D8F00512C56 = {
						CreatedOnToolsVersion = 8.0;
						DevelopmentTeam = 4725WV3RB4;
						LastSwiftMigration = 0920;
						ProvisioningStyle = Automatic;
					};
				};
			};
			buildConfigurationList = 6F9E8D701D7F2D8F00512C56 /* Build configuration list for PBXProject "NURAPI Swift Demo" */;
			compatibilityVersion = "Xcode 3.2";
			developmentRegion = English;
			hasScannedForEncodings = 0;
			knownRegions = (
				English,
				en,
				Base,
			);
			mainGroup = 6F9E8D6C1D7F2D8F00512C56;
			productRefGroup = 6F9E8D761D7F2D8F00512C56 /* Products */;
			projectDirPath = "";
			projectRoot = "";
			targets = (
				6F9E8D741D7F2D8F00512C56 /* NURAPI Swift Demo */,
			);
		};
/* End PBXProject section */

/* Begin PBXResourcesBuildPhase section */
		6F9E8D731D7F2D8F00512C56 /* Resources */ = {
			isa = PBXResourcesBuildPhase;
			buildActionMask = 2147483647;
			files = (
				6F9E8D831D7F2D8F00512C56 /* LaunchScreen.storyboard in Resources */,
				6F9E8D801D7F2D8F00512C56 /* Assets.xcassets in Resources */,
				6F9E8D7E1D7F2D8F00512C56 /* Main.storyboard in Resources */,
			);
			runOnlyForDeploymentPostprocessing = 0;
		};
/* End PBXResourcesBuildPhase section */

/* Begin PBXSourcesBuildPhase section */
		6F9E8D711D7F2D8F00512C56 /* Sources */ = {
			isa = PBXSourcesBuildPhase;
			buildActionMask = 2147483647;
			files = (
				6F6E265B20A1A09E00DC5193 /* MainViewController.swift in Sources */,
				6F6E265D20A1A3A900DC5193 /* InventoryViewController.swift in Sources */,
				6F6E265F20A1A70200DC5193 /* Tag.swift in Sources */,
				6F6E266120A1AB3400DC5193 /* UIViewController+ErrorMessage.swift in Sources */,
				6F6E266320A1C2CD00DC5193 /* TagInfoViewController.swift in Sources */,
				6F9E8D7B1D7F2D8F00512C56 /* SelectReaderViewController.swift in Sources */,
				6F9E8D791D7F2D8F00512C56 /* AppDelegate.swift in Sources */,
			);
			runOnlyForDeploymentPostprocessing = 0;
		};
/* End PBXSourcesBuildPhase section */

/* Begin PBXVariantGroup section */
		6F9E8D7C1D7F2D8F00512C56 /* Main.storyboard */ = {
			isa = PBXVariantGroup;
			children = (
				6F9E8D7D1D7F2D8F00512C56 /* Base */,
			);
			name = Main.storyboard;
			sourceTree = "<group>";
		};
		6F9E8D811D7F2D8F00512C56 /* LaunchScreen.storyboard */ = {
			isa = PBXVariantGroup;
			children = (
				6F9E8D821D7F2D8F00512C56 /* Base */,
			);
			name = LaunchScreen.storyboard;
			sourceTree = "<group>";
		};
/* End PBXVariantGroup section */

/* Begin XCBuildConfiguration section */
		6F9E8D851D7F2D8F00512C56 /* Debug */ = {
			isa = XCBuildConfiguration;
			buildSettings = {
				ALWAYS_SEARCH_USER_PATHS = NO;
				CLANG_ANALYZER_NONNULL = YES;
				CLANG_CXX_LANGUAGE_STANDARD = "gnu++0x";
				CLANG_CXX_LIBRARY = "libc++";
				CLANG_ENABLE_MODULES = YES;
				CLANG_ENABLE_OBJC_ARC = YES;
				CLANG_WARN_BLOCK_CAPTURE_AUTORELEASING = YES;
				CLANG_WARN_BOOL_CONVERSION = YES;
				CLANG_WARN_COMMA = YES;
				CLANG_WARN_CONSTANT_CONVERSION = YES;
				CLANG_WARN_DIRECT_OBJC_ISA_USAGE = YES_ERROR;
				CLANG_WARN_DOCUMENTATION_COMMENTS = YES;
				CLANG_WARN_EMPTY_BODY = YES;
				CLANG_WARN_ENUM_CONVERSION = YES;
				CLANG_WARN_INFINITE_RECURSION = YES;
				CLANG_WARN_INT_CONVERSION = YES;
				CLANG_WARN_NON_LITERAL_NULL_CONVERSION = YES;
				CLANG_WARN_OBJC_LITERAL_CONVERSION = YES;
				CLANG_WARN_OBJC_ROOT_CLASS = YES_ERROR;
				CLANG_WARN_RANGE_LOOP_ANALYSIS = YES;
				CLANG_WARN_STRICT_PROTOTYPES = YES;
				CLANG_WARN_SUSPICIOUS_MOVE = YES;
				CLANG_WARN_SUSPICIOUS_MOVES = YES;
				CLANG_WARN_UNREACHABLE_CODE = YES;
				CLANG_WARN__DUPLICATE_METHOD_MATCH = YES;
				"CODE_SIGN_IDENTITY[sdk=iphoneos*]" = "iPhone Developer";
				COPY_PHASE_STRIP = NO;
				DEBUG_INFORMATION_FORMAT = dwarf;
				ENABLE_STRICT_OBJC_MSGSEND = YES;
				ENABLE_TESTABILITY = YES;
				FRAMEWORK_SEARCH_PATHS = ..;
				GCC_C_LANGUAGE_STANDARD = gnu99;
				GCC_DYNAMIC_NO_PIC = NO;
				GCC_NO_COMMON_BLOCKS = YES;
				GCC_OPTIMIZATION_LEVEL = 0;
				GCC_PREPROCESSOR_DEFINITIONS = (
					"DEBUG=1",
					"$(inherited)",
					__ios__,
				);
				GCC_WARN_64_TO_32_BIT_CONVERSION = YES;
				GCC_WARN_ABOUT_RETURN_TYPE = YES_ERROR;
				GCC_WARN_UNDECLARED_SELECTOR = YES;
				GCC_WARN_UNINITIALIZED_AUTOS = YES_AGGRESSIVE;
				GCC_WARN_UNUSED_FUNCTION = YES;
				GCC_WARN_UNUSED_VARIABLE = YES;
				IPHONEOS_DEPLOYMENT_TARGET = 10.0;
				MTL_ENABLE_DEBUG_INFO = YES;
				ONLY_ACTIVE_ARCH = YES;
				SDKROOT = iphoneos;
				SWIFT_ACTIVE_COMPILATION_CONDITIONS = DEBUG;
				SWIFT_OPTIMIZATION_LEVEL = "-Onone";
			};
			name = Debug;
		};
		6F9E8D861D7F2D8F00512C56 /* Release */ = {
			isa = XCBuildConfiguration;
			buildSettings = {
				ALWAYS_SEARCH_USER_PATHS = NO;
				CLANG_ANALYZER_NONNULL = YES;
				CLANG_CXX_LANGUAGE_STANDARD = "gnu++0x";
				CLANG_CXX_LIBRARY = "libc++";
				CLANG_ENABLE_MODULES = YES;
				CLANG_ENABLE_OBJC_ARC = YES;
				CLANG_WARN_BLOCK_CAPTURE_AUTORELEASING = YES;
				CLANG_WARN_BOOL_CONVERSION = YES;
				CLANG_WARN_COMMA = YES;
				CLANG_WARN_CONSTANT_CONVERSION = YES;
				CLANG_WARN_DIRECT_OBJC_ISA_USAGE = YES_ERROR;
				CLANG_WARN_DOCUMENTATION_COMMENTS = YES;
				CLANG_WARN_EMPTY_BODY = YES;
				CLANG_WARN_ENUM_CONVERSION = YES;
				CLANG_WARN_INFINITE_RECURSION = YES;
				CLANG_WARN_INT_CONVERSION = YES;
				CLANG_WARN_NON_LITERAL_NULL_CONVERSION = YES;
				CLANG_WARN_OBJC_LITERAL_CONVERSION = YES;
				CLANG_WARN_OBJC_ROOT_CLASS = YES_ERROR;
				CLANG_WARN_RANGE_LOOP_ANALYSIS = YES;
				CLANG_WARN_STRICT_PROTOTYPES = YES;
				CLANG_WARN_SUSPICIOUS_MOVE = YES;
				CLANG_WARN_SUSPICIOUS_MOVES = YES;
				CLANG_WARN_UNREACHABLE_CODE = YES;
				CLANG_WARN__DUPLICATE_METHOD_MATCH = YES;
				"CODE_SIGN_IDENTITY[sdk=iphoneos*]" = "iPhone Developer";
				COPY_PHASE_STRIP = NO;
				DEBUG_INFORMATION_FORMAT = "dwarf-with-dsym";
				ENABLE_NS_ASSERTIONS = NO;
				ENABLE_STRICT_OBJC_MSGSEND = YES;
				FRAMEWORK_SEARCH_PATHS = ..;
				GCC_C_LANGUAGE_STANDARD = gnu99;
				GCC_NO_COMMON_BLOCKS = YES;
				GCC_PREPROCESSOR_DEFINITIONS = __ios__;
				GCC_WARN_64_TO_32_BIT_CONVERSION = YES;
				GCC_WARN_ABOUT_RETURN_TYPE = YES_ERROR;
				GCC_WARN_UNDECLARED_SELECTOR = YES;
				GCC_WARN_UNINITIALIZED_AUTOS = YES_AGGRESSIVE;
				GCC_WARN_UNUSED_FUNCTION = YES;
				GCC_WARN_UNUSED_VARIABLE = YES;
				IPHONEOS_DEPLOYMENT_TARGET = 10.0;
				MTL_ENABLE_DEBUG_INFO = NO;
				SDKROOT = iphoneos;
				SWIFT_OPTIMIZATION_LEVEL = "-Owholemodule";
				VALIDATE_PRODUCT = YES;
			};
			name = Release;
		};
		6F9E8D881D7F2D8F00512C56 /* Debug */ = {
			isa = XCBuildConfiguration;
			buildSettings = {
				ASSETCATALOG_COMPILER_APPICON_NAME = AppIcon;
				CLANG_ENABLE_MODULES = YES;
				DEVELOPMENT_TEAM = 4725WV3RB4;
				ENABLE_BITCODE = NO;
				FRAMEWORK_SEARCH_PATHS = (
					"$(inherited)",
					"$(PROJECT_DIR)",
				);
				INFOPLIST_FILE = Source/Info.plist;
				IPHONEOS_DEPLOYMENT_TARGET = 9.0;
				LD_RUNPATH_SEARCH_PATHS = "$(inherited) @executable_path/Frameworks @executable_path/../";
				PRODUCT_BUNDLE_IDENTIFIER = "com.nordicid.nurapi-swift-demo";
				PRODUCT_NAME = "$(TARGET_NAME)";
				SWIFT_OBJC_BRIDGING_HEADER = "Source/NURAPI Swift Demo-Bridging-Header.h";
				SWIFT_OPTIMIZATION_LEVEL = "-Onone";
				SWIFT_SWIFT3_OBJC_INFERENCE = Default;
				SWIFT_VERSION = 4.0;
			};
			name = Debug;
		};
		6F9E8D891D7F2D8F00512C56 /* Release */ = {
			isa = XCBuildConfiguration;
			buildSettings = {
				ASSETCATALOG_COMPILER_APPICON_NAME = AppIcon;
				CLANG_ENABLE_MODULES = YES;
				DEVELOPMENT_TEAM = 4725WV3RB4;
				ENABLE_BITCODE = NO;
				FRAMEWORK_SEARCH_PATHS = (
					"$(inherited)",
					"$(PROJECT_DIR)",
				);
				INFOPLIST_FILE = "NURAPI Swift Demo/Info.plist";
				IPHONEOS_DEPLOYMENT_TARGET = 9.0;
				LD_RUNPATH_SEARCH_PATHS = "$(inherited) @executable_path/Frameworks @executable_path/../";
				PRODUCT_BUNDLE_IDENTIFIER = "com.nordicid.nurapi-swift-demo";
				PRODUCT_NAME = "$(TARGET_NAME)";
				SWIFT_OBJC_BRIDGING_HEADER = "Source/NURAPI Swift Demo-Bridging-Header.h";
				SWIFT_SWIFT3_OBJC_INFERENCE = Default;
				SWIFT_VERSION = 4.0;
			};
			name = Release;
		};
/* End XCBuildConfiguration section */

/* Begin XCConfigurationList section */
		6F9E8D701D7F2D8F00512C56 /* Build configuration list for PBXProject "NURAPI Swift Demo" */ = {
			isa = XCConfigurationList;
			buildConfigurations = (
				6F9E8D851D7F2D8F00512C56 /* Debug */,
				6F9E8D861D7F2D8F00512C56 /* Release */,
			);
			defaultConfigurationIsVisible = 0;
			defaultConfigurationName = Release;
		};
		6F9E8D871D7F2D8F00512C56 /* Build configuration list for PBXNativeTarget "NURAPI Swift Demo" */ = {
			isa = XCConfigurationList;
			buildConfigurations = (
				6F9E8D881D7F2D8F00512C56 /* Debug */,
				6F9E8D891D7F2D8F00512C56 /* Release */,
			);
			defaultConfigurationIsVisible = 0;
			defaultConfigurationName = Release;
		};
/* End XCConfigurationList section */
	};
	rootObject = 6F9E8D6D1D7F2D8F00512C56 /* Project object */;
}
