// !$*UTF8*$!
{
	archiveVersion = 1;
	classes = {
	};
	objectVersion = 46;
	objects = {

/* Begin PBXBuildFile section */
		6F00748C1DA6940A00072C73 /* ReadBarcodeViewController.m in Sources */ = {isa = PBXBuildFile; fileRef = 6F00748B1DA6940A00072C73 /* ReadBarcodeViewController.m */; };
		6F0074BC1DB7C13D00072C73 /* QuickGuideViewController.m in Sources */ = {isa = PBXBuildFile; fileRef = 6F0074BB1DB7C13D00072C73 /* QuickGuideViewController.m */; };
		6F0074C01DB7C45500072C73 /* QuickGuide.html in Resources */ = {isa = PBXBuildFile; fileRef = 6F0074BE1DB7C45500072C73 /* QuickGuide.html */; };
		6F0074C71DB8A19900072C73 /* blep_100ms.wav in Resources */ = {isa = PBXBuildFile; fileRef = 6F0074C31DB8A19900072C73 /* blep_100ms.wav */; };
		6F0074C81DB8A19900072C73 /* blep_300ms.wav in Resources */ = {isa = PBXBuildFile; fileRef = 6F0074C41DB8A19900072C73 /* blep_300ms.wav */; };
		6F0074C91DB8A19900072C73 /* blep_40ms.wav in Resources */ = {isa = PBXBuildFile; fileRef = 6F0074C51DB8A19900072C73 /* blep_40ms.wav */; };
		6F0074CA1DB8A19900072C73 /* blipblipblip.wav in Resources */ = {isa = PBXBuildFile; fileRef = 6F0074C61DB8A19900072C73 /* blipblipblip.wav */; };
		6F0074CD1DB8A1C800072C73 /* AudioPlayer.m in Sources */ = {isa = PBXBuildFile; fileRef = 6F0074CC1DB8A1C800072C73 /* AudioPlayer.m */; };
		6F0074D01DB8F0BE00072C73 /* AboutViewController.m in Sources */ = {isa = PBXBuildFile; fileRef = 6F0074CF1DB8F0BE00072C73 /* AboutViewController.m */; };
		6F3B30D21DCF658D00A46A93 /* AverageBuffer.m in Sources */ = {isa = PBXBuildFile; fileRef = 6F3B30D11DCF658D00A46A93 /* AverageBuffer.m */; };
		6F3B30D51DCFAB0600A46A93 /* LocateTagAntennaSelector.m in Sources */ = {isa = PBXBuildFile; fileRef = 6F3B30D41DCFAB0600A46A93 /* LocateTagAntennaSelector.m */; };
		6F3B30D81DCFC79900A46A93 /* SmoothingBuffer.m in Sources */ = {isa = PBXBuildFile; fileRef = 6F3B30D71DCFC79900A46A93 /* SmoothingBuffer.m */; };
		6F3B30E11DD306A300A46A93 /* ProgressView.m in Sources */ = {isa = PBXBuildFile; fileRef = 6F3B30E01DD306A300A46A93 /* ProgressView.m */; };
		6F3B30E41DD452AF00A46A93 /* MainMenuCell.m in Sources */ = {isa = PBXBuildFile; fileRef = 6F3B30E31DD452AF00A46A93 /* MainMenuCell.m */; };
		6F3B30E71DD4644D00A46A93 /* ApplicationSettingsViewController.m in Sources */ = {isa = PBXBuildFile; fileRef = 6F3B30E61DD4644D00A46A93 /* ApplicationSettingsViewController.m */; };
		6F3B30EA1DD4757300A46A93 /* ContactViewController.m in Sources */ = {isa = PBXBuildFile; fileRef = 6F3B30E91DD4757300A46A93 /* ContactViewController.m */; };
		6F43D0F61DC093B5009F2A86 /* WriteTagViewController.m in Sources */ = {isa = PBXBuildFile; fileRef = 6F43D0F51DC093B5009F2A86 /* WriteTagViewController.m */; };
		6F6F0B0D1D952CCF00370330 /* NurAPIBluetooth.framework in Embed Frameworks */ = {isa = PBXBuildFile; fileRef = 6F9E8F3E1D81CE9500512C56 /* NurAPIBluetooth.framework */; settings = {ATTRIBUTES = (CodeSignOnCopy, RemoveHeadersOnCopy, ); }; };
		6F6F0B9D1D9BA39300370330 /* SettingsViewController.m in Sources */ = {isa = PBXBuildFile; fileRef = 6F6F0B6A1D9BA39300370330 /* SettingsViewController.m */; };
		6F6F0B9E1D9BA39300370330 /* SelectSettingViewController.m in Sources */ = {isa = PBXBuildFile; fileRef = 6F6F0B6F1D9BA39300370330 /* SelectSettingViewController.m */; };
		6F6F0B9F1D9BA39300370330 /* TuneViewController.m in Sources */ = {isa = PBXBuildFile; fileRef = 6F6F0B701D9BA39300370330 /* TuneViewController.m */; };
		6F6F0BA01D9BA39300370330 /* InfoViewController.m in Sources */ = {isa = PBXBuildFile; fileRef = 6F6F0B721D9BA39300370330 /* InfoViewController.m */; };
		6F6F0BA11D9BA39300370330 /* TagViewController.m in Sources */ = {isa = PBXBuildFile; fileRef = 6F6F0B751D9BA39300370330 /* TagViewController.m */; };
		6F6F0BA51D9BA39300370330 /* InventoryViewController.m in Sources */ = {isa = PBXBuildFile; fileRef = 6F6F0B7F1D9BA39300370330 /* InventoryViewController.m */; };
		6F6F0BA61D9BA39300370330 /* SelectReaderViewController.m in Sources */ = {isa = PBXBuildFile; fileRef = 6F6F0B801D9BA39300370330 /* SelectReaderViewController.m */; };
		6F6F0BA71D9BA39300370330 /* LaunchScreen.storyboard in Resources */ = {isa = PBXBuildFile; fileRef = 6F6F0B821D9BA39300370330 /* LaunchScreen.storyboard */; };
		6F6F0BA81D9BA39300370330 /* Main.storyboard in Resources */ = {isa = PBXBuildFile; fileRef = 6F6F0B841D9BA39300370330 /* Main.storyboard */; };
		6F6F0BA91D9BA39300370330 /* ReaderViewController.m in Sources */ = {isa = PBXBuildFile; fileRef = 6F6F0B861D9BA39300370330 /* ReaderViewController.m */; };
		6F6F0BAA1D9BA39300370330 /* SettingsAlternative.m in Sources */ = {isa = PBXBuildFile; fileRef = 6F6F0B881D9BA39300370330 /* SettingsAlternative.m */; };
		6F6F0BAB1D9BA39300370330 /* Assets.xcassets in Resources */ = {isa = PBXBuildFile; fileRef = 6F6F0B8A1D9BA39300370330 /* Assets.xcassets */; };
		6F6F0BB61D9BA39300370330 /* Tag.m in Sources */ = {isa = PBXBuildFile; fileRef = 6F6F0B961D9BA39300370330 /* Tag.m */; };
		6F6F0BB71D9BA39300370330 /* UIButton+BackgroundColor.m in Sources */ = {isa = PBXBuildFile; fileRef = 6F6F0B981D9BA39300370330 /* UIButton+BackgroundColor.m */; };
		6F6F0BB81D9BA39300370330 /* AppDelegate.m in Sources */ = {isa = PBXBuildFile; fileRef = 6F6F0B9A1D9BA39300370330 /* AppDelegate.m */; };
		6F6F0BBA1D9BA39300370330 /* main.m in Sources */ = {isa = PBXBuildFile; fileRef = 6F6F0B9C1D9BA39300370330 /* main.m */; };
		6F7CFE631DBA25B600B3C122 /* TagManager.m in Sources */ = {isa = PBXBuildFile; fileRef = 6F7CFE621DBA25B600B3C122 /* TagManager.m */; };
		6F7CFE661DBA2AC700B3C122 /* LocateViewController.m in Sources */ = {isa = PBXBuildFile; fileRef = 6F7CFE651DBA2AC700B3C122 /* LocateViewController.m */; };
		6F9E8F3F1D81CE9500512C56 /* NurAPIBluetooth.framework in Frameworks */ = {isa = PBXBuildFile; fileRef = 6F9E8F3E1D81CE9500512C56 /* NurAPIBluetooth.framework */; };
		6FC5B17C1DC0A5E900A55742 /* WriteTagPopoverViewController.m in Sources */ = {isa = PBXBuildFile; fileRef = 6FC5B17B1DC0A5E900A55742 /* WriteTagPopoverViewController.m */; };
		6FD95F281DC28AE900C7BFAD /* LocateTagViewController.m in Sources */ = {isa = PBXBuildFile; fileRef = 6FD95F271DC28AE900C7BFAD /* LocateTagViewController.m */; };
		6FE9FC2C1DD5C1F50050264D /* Fabric.framework in Frameworks */ = {isa = PBXBuildFile; fileRef = 6FE9FC2A1DD5C1F50050264D /* Fabric.framework */; };
		6FE9FC2D1DD5C1F50050264D /* Crashlytics.framework in Frameworks */ = {isa = PBXBuildFile; fileRef = 6FE9FC2B1DD5C1F50050264D /* Crashlytics.framework */; };
/* End PBXBuildFile section */

/* Begin PBXCopyFilesBuildPhase section */
		6F6F0B0E1D952CCF00370330 /* Embed Frameworks */ = {
			isa = PBXCopyFilesBuildPhase;
			buildActionMask = 2147483647;
			dstPath = "";
			dstSubfolderSpec = 10;
			files = (
				6F6F0B0D1D952CCF00370330 /* NurAPIBluetooth.framework in Embed Frameworks */,
			);
			name = "Embed Frameworks";
			runOnlyForDeploymentPostprocessing = 0;
		};
/* End PBXCopyFilesBuildPhase section */

/* Begin PBXFileReference section */
		6F00748A1DA6940A00072C73 /* ReadBarcodeViewController.h */ = {isa = PBXFileReference; fileEncoding = 4; lastKnownFileType = sourcecode.c.h; path = ReadBarcodeViewController.h; sourceTree = "<group>"; };
		6F00748B1DA6940A00072C73 /* ReadBarcodeViewController.m */ = {isa = PBXFileReference; fileEncoding = 4; lastKnownFileType = sourcecode.c.objc; path = ReadBarcodeViewController.m; sourceTree = "<group>"; };
		6F0074BA1DB7C13D00072C73 /* QuickGuideViewController.h */ = {isa = PBXFileReference; fileEncoding = 4; lastKnownFileType = sourcecode.c.h; path = QuickGuideViewController.h; sourceTree = "<group>"; };
		6F0074BB1DB7C13D00072C73 /* QuickGuideViewController.m */ = {isa = PBXFileReference; fileEncoding = 4; lastKnownFileType = sourcecode.c.objc; path = QuickGuideViewController.m; sourceTree = "<group>"; };
		6F0074BE1DB7C45500072C73 /* QuickGuide.html */ = {isa = PBXFileReference; fileEncoding = 4; lastKnownFileType = text.html; path = QuickGuide.html; sourceTree = "<group>"; };
		6F0074C31DB8A19900072C73 /* blep_100ms.wav */ = {isa = PBXFileReference; lastKnownFileType = audio.wav; path = blep_100ms.wav; sourceTree = "<group>"; };
		6F0074C41DB8A19900072C73 /* blep_300ms.wav */ = {isa = PBXFileReference; lastKnownFileType = audio.wav; path = blep_300ms.wav; sourceTree = "<group>"; };
		6F0074C51DB8A19900072C73 /* blep_40ms.wav */ = {isa = PBXFileReference; lastKnownFileType = audio.wav; path = blep_40ms.wav; sourceTree = "<group>"; };
		6F0074C61DB8A19900072C73 /* blipblipblip.wav */ = {isa = PBXFileReference; lastKnownFileType = audio.wav; path = blipblipblip.wav; sourceTree = "<group>"; };
		6F0074CB1DB8A1C800072C73 /* AudioPlayer.h */ = {isa = PBXFileReference; fileEncoding = 4; lastKnownFileType = sourcecode.c.h; path = AudioPlayer.h; sourceTree = "<group>"; };
		6F0074CC1DB8A1C800072C73 /* AudioPlayer.m */ = {isa = PBXFileReference; fileEncoding = 4; lastKnownFileType = sourcecode.c.objc; path = AudioPlayer.m; sourceTree = "<group>"; };
		6F0074CE1DB8F0BE00072C73 /* AboutViewController.h */ = {isa = PBXFileReference; fileEncoding = 4; lastKnownFileType = sourcecode.c.h; path = AboutViewController.h; sourceTree = "<group>"; };
		6F0074CF1DB8F0BE00072C73 /* AboutViewController.m */ = {isa = PBXFileReference; fileEncoding = 4; lastKnownFileType = sourcecode.c.objc; path = AboutViewController.m; sourceTree = "<group>"; };
		6F3B30D01DCF658D00A46A93 /* AverageBuffer.h */ = {isa = PBXFileReference; fileEncoding = 4; lastKnownFileType = sourcecode.c.h; path = AverageBuffer.h; sourceTree = "<group>"; };
		6F3B30D11DCF658D00A46A93 /* AverageBuffer.m */ = {isa = PBXFileReference; fileEncoding = 4; lastKnownFileType = sourcecode.c.objc; path = AverageBuffer.m; sourceTree = "<group>"; };
		6F3B30D31DCFAB0600A46A93 /* LocateTagAntennaSelector.h */ = {isa = PBXFileReference; fileEncoding = 4; lastKnownFileType = sourcecode.c.h; path = LocateTagAntennaSelector.h; sourceTree = "<group>"; };
		6F3B30D41DCFAB0600A46A93 /* LocateTagAntennaSelector.m */ = {isa = PBXFileReference; fileEncoding = 4; lastKnownFileType = sourcecode.c.objc; path = LocateTagAntennaSelector.m; sourceTree = "<group>"; };
		6F3B30D61DCFC79900A46A93 /* SmoothingBuffer.h */ = {isa = PBXFileReference; fileEncoding = 4; lastKnownFileType = sourcecode.c.h; path = SmoothingBuffer.h; sourceTree = "<group>"; };
		6F3B30D71DCFC79900A46A93 /* SmoothingBuffer.m */ = {isa = PBXFileReference; fileEncoding = 4; lastKnownFileType = sourcecode.c.objc; path = SmoothingBuffer.m; sourceTree = "<group>"; };
		6F3B30DF1DD306A300A46A93 /* ProgressView.h */ = {isa = PBXFileReference; fileEncoding = 4; lastKnownFileType = sourcecode.c.h; path = ProgressView.h; sourceTree = "<group>"; };
		6F3B30E01DD306A300A46A93 /* ProgressView.m */ = {isa = PBXFileReference; fileEncoding = 4; lastKnownFileType = sourcecode.c.objc; path = ProgressView.m; sourceTree = "<group>"; };
		6F3B30E21DD452AF00A46A93 /* MainMenuCell.h */ = {isa = PBXFileReference; fileEncoding = 4; lastKnownFileType = sourcecode.c.h; path = MainMenuCell.h; sourceTree = "<group>"; };
		6F3B30E31DD452AF00A46A93 /* MainMenuCell.m */ = {isa = PBXFileReference; fileEncoding = 4; lastKnownFileType = sourcecode.c.objc; path = MainMenuCell.m; sourceTree = "<group>"; };
		6F3B30E51DD4644D00A46A93 /* ApplicationSettingsViewController.h */ = {isa = PBXFileReference; fileEncoding = 4; lastKnownFileType = sourcecode.c.h; path = ApplicationSettingsViewController.h; sourceTree = "<group>"; };
		6F3B30E61DD4644D00A46A93 /* ApplicationSettingsViewController.m */ = {isa = PBXFileReference; fileEncoding = 4; lastKnownFileType = sourcecode.c.objc; path = ApplicationSettingsViewController.m; sourceTree = "<group>"; };
		6F3B30E81DD4757300A46A93 /* ContactViewController.h */ = {isa = PBXFileReference; fileEncoding = 4; lastKnownFileType = sourcecode.c.h; path = ContactViewController.h; sourceTree = "<group>"; };
		6F3B30E91DD4757300A46A93 /* ContactViewController.m */ = {isa = PBXFileReference; fileEncoding = 4; lastKnownFileType = sourcecode.c.objc; path = ContactViewController.m; sourceTree = "<group>"; };
		6F43D0F41DC093B5009F2A86 /* WriteTagViewController.h */ = {isa = PBXFileReference; fileEncoding = 4; lastKnownFileType = sourcecode.c.h; path = WriteTagViewController.h; sourceTree = "<group>"; };
		6F43D0F51DC093B5009F2A86 /* WriteTagViewController.m */ = {isa = PBXFileReference; fileEncoding = 4; lastKnownFileType = sourcecode.c.objc; path = WriteTagViewController.m; sourceTree = "<group>"; };
		6F6F0B6A1D9BA39300370330 /* SettingsViewController.m */ = {isa = PBXFileReference; fileEncoding = 4; lastKnownFileType = sourcecode.c.objc; name = SettingsViewController.m; path = Source/SettingsViewController.m; sourceTree = SOURCE_ROOT; };
		6F6F0B6B1D9BA39300370330 /* InventoryViewController.h */ = {isa = PBXFileReference; fileEncoding = 4; lastKnownFileType = sourcecode.c.h; name = InventoryViewController.h; path = Source/InventoryViewController.h; sourceTree = SOURCE_ROOT; };
		6F6F0B6C1D9BA39300370330 /* TuneViewController.h */ = {isa = PBXFileReference; fileEncoding = 4; lastKnownFileType = sourcecode.c.h; name = TuneViewController.h; path = Source/TuneViewController.h; sourceTree = SOURCE_ROOT; };
		6F6F0B6D1D9BA39300370330 /* ReaderViewController.h */ = {isa = PBXFileReference; fileEncoding = 4; lastKnownFileType = sourcecode.c.h; name = ReaderViewController.h; path = Source/ReaderViewController.h; sourceTree = SOURCE_ROOT; };
		6F6F0B6E1D9BA39300370330 /* SelectReaderViewController.h */ = {isa = PBXFileReference; fileEncoding = 4; lastKnownFileType = sourcecode.c.h; name = SelectReaderViewController.h; path = Source/SelectReaderViewController.h; sourceTree = SOURCE_ROOT; };
		6F6F0B6F1D9BA39300370330 /* SelectSettingViewController.m */ = {isa = PBXFileReference; fileEncoding = 4; lastKnownFileType = sourcecode.c.objc; name = SelectSettingViewController.m; path = Source/SelectSettingViewController.m; sourceTree = SOURCE_ROOT; };
		6F6F0B701D9BA39300370330 /* TuneViewController.m */ = {isa = PBXFileReference; fileEncoding = 4; lastKnownFileType = sourcecode.c.objc; name = TuneViewController.m; path = Source/TuneViewController.m; sourceTree = SOURCE_ROOT; };
		6F6F0B711D9BA39300370330 /* Tag.h */ = {isa = PBXFileReference; fileEncoding = 4; lastKnownFileType = sourcecode.c.h; name = Tag.h; path = Source/Tag.h; sourceTree = SOURCE_ROOT; };
		6F6F0B721D9BA39300370330 /* InfoViewController.m */ = {isa = PBXFileReference; fileEncoding = 4; lastKnownFileType = sourcecode.c.objc; name = InfoViewController.m; path = Source/InfoViewController.m; sourceTree = SOURCE_ROOT; };
		6F6F0B731D9BA39300370330 /* SettingsViewController.h */ = {isa = PBXFileReference; fileEncoding = 4; lastKnownFileType = sourcecode.c.h; name = SettingsViewController.h; path = Source/SettingsViewController.h; sourceTree = SOURCE_ROOT; };
		6F6F0B741D9BA39300370330 /* TagViewController.h */ = {isa = PBXFileReference; fileEncoding = 4; lastKnownFileType = sourcecode.c.h; name = TagViewController.h; path = Source/TagViewController.h; sourceTree = SOURCE_ROOT; };
		6F6F0B751D9BA39300370330 /* TagViewController.m */ = {isa = PBXFileReference; fileEncoding = 4; lastKnownFileType = sourcecode.c.objc; name = TagViewController.m; path = Source/TagViewController.m; sourceTree = SOURCE_ROOT; };
		6F6F0B761D9BA39300370330 /* SettingsAlternative.h */ = {isa = PBXFileReference; fileEncoding = 4; lastKnownFileType = sourcecode.c.h; name = SettingsAlternative.h; path = Source/SettingsAlternative.h; sourceTree = SOURCE_ROOT; };
		6F6F0B7F1D9BA39300370330 /* InventoryViewController.m */ = {isa = PBXFileReference; fileEncoding = 4; lastKnownFileType = sourcecode.c.objc; name = InventoryViewController.m; path = Source/InventoryViewController.m; sourceTree = SOURCE_ROOT; };
		6F6F0B801D9BA39300370330 /* SelectReaderViewController.m */ = {isa = PBXFileReference; fileEncoding = 4; lastKnownFileType = sourcecode.c.objc; name = SelectReaderViewController.m; path = Source/SelectReaderViewController.m; sourceTree = SOURCE_ROOT; };
		6F6F0B831D9BA39300370330 /* Base */ = {isa = PBXFileReference; lastKnownFileType = file.storyboard; name = Base; path = LaunchScreen.storyboard; sourceTree = "<group>"; };
		6F6F0B851D9BA39300370330 /* Base */ = {isa = PBXFileReference; lastKnownFileType = file.storyboard; name = Base; path = Main.storyboard; sourceTree = "<group>"; };
		6F6F0B861D9BA39300370330 /* ReaderViewController.m */ = {isa = PBXFileReference; fileEncoding = 4; lastKnownFileType = sourcecode.c.objc; name = ReaderViewController.m; path = Source/ReaderViewController.m; sourceTree = SOURCE_ROOT; };
		6F6F0B871D9BA39300370330 /* SelectSettingViewController.h */ = {isa = PBXFileReference; fileEncoding = 4; lastKnownFileType = sourcecode.c.h; name = SelectSettingViewController.h; path = Source/SelectSettingViewController.h; sourceTree = SOURCE_ROOT; };
		6F6F0B881D9BA39300370330 /* SettingsAlternative.m */ = {isa = PBXFileReference; fileEncoding = 4; lastKnownFileType = sourcecode.c.objc; name = SettingsAlternative.m; path = Source/SettingsAlternative.m; sourceTree = SOURCE_ROOT; };
		6F6F0B891D9BA39300370330 /* InfoViewController.h */ = {isa = PBXFileReference; fileEncoding = 4; lastKnownFileType = sourcecode.c.h; name = InfoViewController.h; path = Source/InfoViewController.h; sourceTree = SOURCE_ROOT; };
		6F6F0B8A1D9BA39300370330 /* Assets.xcassets */ = {isa = PBXFileReference; lastKnownFileType = folder.assetcatalog; name = Assets.xcassets; path = Source/Assets.xcassets; sourceTree = SOURCE_ROOT; };
		6F6F0B961D9BA39300370330 /* Tag.m */ = {isa = PBXFileReference; fileEncoding = 4; lastKnownFileType = sourcecode.c.objc; name = Tag.m; path = Source/Tag.m; sourceTree = SOURCE_ROOT; };
		6F6F0B971D9BA39300370330 /* UIButton+BackgroundColor.h */ = {isa = PBXFileReference; fileEncoding = 4; lastKnownFileType = sourcecode.c.h; name = "UIButton+BackgroundColor.h"; path = "Source/UIButton+BackgroundColor.h"; sourceTree = SOURCE_ROOT; };
		6F6F0B981D9BA39300370330 /* UIButton+BackgroundColor.m */ = {isa = PBXFileReference; fileEncoding = 4; lastKnownFileType = sourcecode.c.objc; name = "UIButton+BackgroundColor.m"; path = "Source/UIButton+BackgroundColor.m"; sourceTree = SOURCE_ROOT; };
		6F6F0B991D9BA39300370330 /* AppDelegate.h */ = {isa = PBXFileReference; fileEncoding = 4; lastKnownFileType = sourcecode.c.h; name = AppDelegate.h; path = Source/AppDelegate.h; sourceTree = SOURCE_ROOT; };
		6F6F0B9A1D9BA39300370330 /* AppDelegate.m */ = {isa = PBXFileReference; fileEncoding = 4; lastKnownFileType = sourcecode.c.objc; name = AppDelegate.m; path = Source/AppDelegate.m; sourceTree = SOURCE_ROOT; };
		6F6F0B9C1D9BA39300370330 /* main.m */ = {isa = PBXFileReference; fileEncoding = 4; lastKnownFileType = sourcecode.c.objc; name = main.m; path = Source/main.m; sourceTree = SOURCE_ROOT; };
		6F7CFE611DBA25B600B3C122 /* TagManager.h */ = {isa = PBXFileReference; fileEncoding = 4; lastKnownFileType = sourcecode.c.h; path = TagManager.h; sourceTree = "<group>"; };
		6F7CFE621DBA25B600B3C122 /* TagManager.m */ = {isa = PBXFileReference; fileEncoding = 4; lastKnownFileType = sourcecode.c.objc; path = TagManager.m; sourceTree = "<group>"; };
		6F7CFE641DBA2AC700B3C122 /* LocateViewController.h */ = {isa = PBXFileReference; fileEncoding = 4; lastKnownFileType = sourcecode.c.h; path = LocateViewController.h; sourceTree = "<group>"; };
		6F7CFE651DBA2AC700B3C122 /* LocateViewController.m */ = {isa = PBXFileReference; fileEncoding = 4; lastKnownFileType = sourcecode.c.objc; path = LocateViewController.m; sourceTree = "<group>"; };
		6F9E8F3E1D81CE9500512C56 /* NurAPIBluetooth.framework */ = {isa = PBXFileReference; lastKnownFileType = wrapper.framework; path = NurAPIBluetooth.framework; sourceTree = "<group>"; };
		6FC5B17A1DC0A5E900A55742 /* WriteTagPopoverViewController.h */ = {isa = PBXFileReference; fileEncoding = 4; lastKnownFileType = sourcecode.c.h; path = WriteTagPopoverViewController.h; sourceTree = "<group>"; };
		6FC5B17B1DC0A5E900A55742 /* WriteTagPopoverViewController.m */ = {isa = PBXFileReference; fileEncoding = 4; lastKnownFileType = sourcecode.c.objc; path = WriteTagPopoverViewController.m; sourceTree = "<group>"; };
		6FD254531CE2128C00083D83 /* Nordic ID RFID Demo.app */ = {isa = PBXFileReference; explicitFileType = wrapper.application; includeInIndex = 0; path = "Nordic ID RFID Demo.app"; sourceTree = BUILT_PRODUCTS_DIR; };
		6FD95F261DC28AE900C7BFAD /* LocateTagViewController.h */ = {isa = PBXFileReference; fileEncoding = 4; lastKnownFileType = sourcecode.c.h; path = LocateTagViewController.h; sourceTree = "<group>"; };
		6FD95F271DC28AE900C7BFAD /* LocateTagViewController.m */ = {isa = PBXFileReference; fileEncoding = 4; lastKnownFileType = sourcecode.c.objc; path = LocateTagViewController.m; sourceTree = "<group>"; };
		6FE9FC2A1DD5C1F50050264D /* Fabric.framework */ = {isa = PBXFileReference; lastKnownFileType = wrapper.framework; path = Fabric.framework; sourceTree = "<group>"; };
		6FE9FC2B1DD5C1F50050264D /* Crashlytics.framework */ = {isa = PBXFileReference; lastKnownFileType = wrapper.framework; path = Crashlytics.framework; sourceTree = "<group>"; };
/* End PBXFileReference section */

/* Begin PBXFrameworksBuildPhase section */
		6FD254501CE2128C00083D83 /* Frameworks */ = {
			isa = PBXFrameworksBuildPhase;
			buildActionMask = 2147483647;
			files = (
				6F9E8F3F1D81CE9500512C56 /* NurAPIBluetooth.framework in Frameworks */,
				6FE9FC2D1DD5C1F50050264D /* Crashlytics.framework in Frameworks */,
				6FE9FC2C1DD5C1F50050264D /* Fabric.framework in Frameworks */,
			);
			runOnlyForDeploymentPostprocessing = 0;
		};
/* End PBXFrameworksBuildPhase section */

/* Begin PBXGroup section */
		6F0074BD1DB7C45500072C73 /* Quick Guide */ = {
			isa = PBXGroup;
			children = (
				6F0074BE1DB7C45500072C73 /* QuickGuide.html */,
			);
			path = "Quick Guide";
			sourceTree = "<group>";
		};
		6F0074C21DB8A19900072C73 /* Audio */ = {
			isa = PBXGroup;
			children = (
				6F0074C31DB8A19900072C73 /* blep_100ms.wav */,
				6F0074C41DB8A19900072C73 /* blep_300ms.wav */,
				6F0074C51DB8A19900072C73 /* blep_40ms.wav */,
				6F0074C61DB8A19900072C73 /* blipblipblip.wav */,
			);
			path = Audio;
			sourceTree = "<group>";
		};
		6F3B30EC1DD475E100A46A93 /* Info */ = {
			isa = PBXGroup;
			children = (
				6F0074CE1DB8F0BE00072C73 /* AboutViewController.h */,
				6F0074CF1DB8F0BE00072C73 /* AboutViewController.m */,
				6F3B30E81DD4757300A46A93 /* ContactViewController.h */,
				6F3B30E91DD4757300A46A93 /* ContactViewController.m */,
				6F6F0B891D9BA39300370330 /* InfoViewController.h */,
				6F6F0B721D9BA39300370330 /* InfoViewController.m */,
			);
			name = Info;
			sourceTree = "<group>";
		};
		6F3B30ED1DD475FD00A46A93 /* Settings */ = {
			isa = PBXGroup;
			children = (
				6F3B30E51DD4644D00A46A93 /* ApplicationSettingsViewController.h */,
				6F3B30E61DD4644D00A46A93 /* ApplicationSettingsViewController.m */,
				6F6F0B871D9BA39300370330 /* SelectSettingViewController.h */,
				6F6F0B6F1D9BA39300370330 /* SelectSettingViewController.m */,
				6F6F0B761D9BA39300370330 /* SettingsAlternative.h */,
				6F6F0B881D9BA39300370330 /* SettingsAlternative.m */,
				6F6F0B731D9BA39300370330 /* SettingsViewController.h */,
				6F6F0B6A1D9BA39300370330 /* SettingsViewController.m */,
				6F6F0B6C1D9BA39300370330 /* TuneViewController.h */,
				6F6F0B701D9BA39300370330 /* TuneViewController.m */,
			);
			name = Settings;
			sourceTree = "<group>";
		};
		6F9E8F401D81CFD900512C56 /* Frameworks */ = {
			isa = PBXGroup;
			children = (
				6FE9FC2A1DD5C1F50050264D /* Fabric.framework */,
				6FE9FC2B1DD5C1F50050264D /* Crashlytics.framework */,
				6F9E8F3E1D81CE9500512C56 /* NurAPIBluetooth.framework */,
			);
			name = Frameworks;
			sourceTree = "<group>";
		};
		6FD2544A1CE2128C00083D83 = {
			isa = PBXGroup;
			children = (
				6FD254551CE2128C00083D83 /* Sources */,
				6F0074C21DB8A19900072C73 /* Audio */,
				6F0074BD1DB7C45500072C73 /* Quick Guide */,
				6F9E8F401D81CFD900512C56 /* Frameworks */,
				6FD254541CE2128C00083D83 /* Products */,
			);
			sourceTree = "<group>";
		};
		6FD254541CE2128C00083D83 /* Products */ = {
			isa = PBXGroup;
			children = (
				6FD254531CE2128C00083D83 /* Nordic ID RFID Demo.app */,
			);
			name = Products;
			sourceTree = "<group>";
		};
		6FD254551CE2128C00083D83 /* Sources */ = {
			isa = PBXGroup;
			children = (
				6F6F0B8A1D9BA39300370330 /* Assets.xcassets */,
				6F0074CB1DB8A1C800072C73 /* AudioPlayer.h */,
				6F0074CC1DB8A1C800072C73 /* AudioPlayer.m */,
				6F3B30D01DCF658D00A46A93 /* AverageBuffer.h */,
				6F3B30D11DCF658D00A46A93 /* AverageBuffer.m */,
				6F3B30EC1DD475E100A46A93 /* Info */,
				6F6F0B6B1D9BA39300370330 /* InventoryViewController.h */,
				6F6F0B7F1D9BA39300370330 /* InventoryViewController.m */,
				6F3B30D31DCFAB0600A46A93 /* LocateTagAntennaSelector.h */,
				6F3B30D41DCFAB0600A46A93 /* LocateTagAntennaSelector.m */,
				6FD95F261DC28AE900C7BFAD /* LocateTagViewController.h */,
				6FD95F271DC28AE900C7BFAD /* LocateTagViewController.m */,
				6F7CFE641DBA2AC700B3C122 /* LocateViewController.h */,
				6F7CFE651DBA2AC700B3C122 /* LocateViewController.m */,
				6F3B30E21DD452AF00A46A93 /* MainMenuCell.h */,
				6F3B30E31DD452AF00A46A93 /* MainMenuCell.m */,
				6F3B30DF1DD306A300A46A93 /* ProgressView.h */,
				6F3B30E01DD306A300A46A93 /* ProgressView.m */,
				6F0074BA1DB7C13D00072C73 /* QuickGuideViewController.h */,
				6F0074BB1DB7C13D00072C73 /* QuickGuideViewController.m */,
				6F00748A1DA6940A00072C73 /* ReadBarcodeViewController.h */,
				6F00748B1DA6940A00072C73 /* ReadBarcodeViewController.m */,
				6F6F0B6D1D9BA39300370330 /* ReaderViewController.h */,
				6F6F0B861D9BA39300370330 /* ReaderViewController.m */,
				6F6F0B6E1D9BA39300370330 /* SelectReaderViewController.h */,
				6F6F0B801D9BA39300370330 /* SelectReaderViewController.m */,
				6F3B30ED1DD475FD00A46A93 /* Settings */,
				6F3B30D61DCFC79900A46A93 /* SmoothingBuffer.h */,
				6F3B30D71DCFC79900A46A93 /* SmoothingBuffer.m */,
				6FD254CC1CE258EA00083D83 /* Storyboards */,
				6FD254561CE2128C00083D83 /* Supporting Files */,
				6FE9FC281DD4B4A10050264D /* Tag */,
				6F6F0B741D9BA39300370330 /* TagViewController.h */,
				6F6F0B751D9BA39300370330 /* TagViewController.m */,
				6F6F0B971D9BA39300370330 /* UIButton+BackgroundColor.h */,
				6F6F0B981D9BA39300370330 /* UIButton+BackgroundColor.m */,
				6FC5B17A1DC0A5E900A55742 /* WriteTagPopoverViewController.h */,
				6FC5B17B1DC0A5E900A55742 /* WriteTagPopoverViewController.m */,
				6F43D0F41DC093B5009F2A86 /* WriteTagViewController.h */,
				6F43D0F51DC093B5009F2A86 /* WriteTagViewController.m */,
			);
			name = Sources;
			path = Source;
			sourceTree = "<group>";
		};
		6FD254561CE2128C00083D83 /* Supporting Files */ = {
			isa = PBXGroup;
			children = (
				6F6F0B991D9BA39300370330 /* AppDelegate.h */,
				6F6F0B9A1D9BA39300370330 /* AppDelegate.m */,
				6F6F0B9C1D9BA39300370330 /* main.m */,
			);
			name = "Supporting Files";
			sourceTree = "<group>";
		};
		6FD254CC1CE258EA00083D83 /* Storyboards */ = {
			isa = PBXGroup;
			children = (
				6F6F0B821D9BA39300370330 /* LaunchScreen.storyboard */,
				6F6F0B841D9BA39300370330 /* Main.storyboard */,
			);
			name = Storyboards;
			sourceTree = "<group>";
		};
		6FE9FC281DD4B4A10050264D /* Tag */ = {
			isa = PBXGroup;
			children = (
				6F6F0B711D9BA39300370330 /* Tag.h */,
				6F6F0B961D9BA39300370330 /* Tag.m */,
				6F7CFE611DBA25B600B3C122 /* TagManager.h */,
				6F7CFE621DBA25B600B3C122 /* TagManager.m */,
			);
			name = Tag;
			sourceTree = "<group>";
		};
/* End PBXGroup section */

/* Begin PBXNativeTarget section */
		6FD254521CE2128C00083D83 /* Nordic ID RFID Demo */ = {
			isa = PBXNativeTarget;
			buildConfigurationList = 6FD2546A1CE2128C00083D83 /* Build configuration list for PBXNativeTarget "Nordic ID RFID Demo" */;
			buildPhases = (
				6FD2544F1CE2128C00083D83 /* Sources */,
				6FD254501CE2128C00083D83 /* Frameworks */,
				6FA8EF0E1DA3B58400804013 /* ShellScript */,
				6FD254511CE2128C00083D83 /* Resources */,
				6F6F0B0E1D952CCF00370330 /* Embed Frameworks */,
				6FA8EF0F1DA3EFDB00804013 /* ShellScript */,
				6FE9FC291DD5C1A50050264D /* ShellScript */,
			);
			buildRules = (
			);
			dependencies = (
			);
			name = "Nordic ID RFID Demo";
			productName = "NURAPI Objective-C Demo";
			productReference = 6FD254531CE2128C00083D83 /* Nordic ID RFID Demo.app */;
			productType = "com.apple.product-type.application";
		};
/* End PBXNativeTarget section */

/* Begin PBXProject section */
		6FD2544B1CE2128C00083D83 /* Project object */ = {
			isa = PBXProject;
			attributes = {
				LastUpgradeCheck = 0800;
				ORGANIZATIONNAME = "Jan Ekholm";
				TargetAttributes = {
					6FD254521CE2128C00083D83 = {
						CreatedOnToolsVersion = 7.3.1;
						DevelopmentTeam = VGSJJLLG7M;
						ProvisioningStyle = Automatic;
					};
				};
			};
			buildConfigurationList = 6FD2544E1CE2128C00083D83 /* Build configuration list for PBXProject "Nordic ID RFID Demo" */;
			compatibilityVersion = "Xcode 3.2";
			developmentRegion = English;
			hasScannedForEncodings = 0;
			knownRegions = (
				en,
				Base,
			);
			mainGroup = 6FD2544A1CE2128C00083D83;
			productRefGroup = 6FD254541CE2128C00083D83 /* Products */;
			projectDirPath = "";
			projectRoot = "";
			targets = (
				6FD254521CE2128C00083D83 /* Nordic ID RFID Demo */,
			);
		};
/* End PBXProject section */

/* Begin PBXResourcesBuildPhase section */
		6FD254511CE2128C00083D83 /* Resources */ = {
			isa = PBXResourcesBuildPhase;
			buildActionMask = 2147483647;
			files = (
				6F6F0BA81D9BA39300370330 /* Main.storyboard in Resources */,
				6F0074C81DB8A19900072C73 /* blep_300ms.wav in Resources */,
				6F0074CA1DB8A19900072C73 /* blipblipblip.wav in Resources */,
				6F0074C01DB7C45500072C73 /* QuickGuide.html in Resources */,
				6F6F0BA71D9BA39300370330 /* LaunchScreen.storyboard in Resources */,
				6F6F0BAB1D9BA39300370330 /* Assets.xcassets in Resources */,
				6F0074C71DB8A19900072C73 /* blep_100ms.wav in Resources */,
				6F0074C91DB8A19900072C73 /* blep_40ms.wav in Resources */,
			);
			runOnlyForDeploymentPostprocessing = 0;
		};
/* End PBXResourcesBuildPhase section */

/* Begin PBXShellScriptBuildPhase section */
		6FA8EF0E1DA3B58400804013 /* ShellScript */ = {
			isa = PBXShellScriptBuildPhase;
			buildActionMask = 2147483647;
			files = (
			);
			inputPaths = (
			);
			outputPaths = (
			);
			runOnlyForDeploymentPostprocessing = 0;
			shellPath = /bin/sh;
			shellScript = "./AutoIncrementCFBundleVersion.sh\n";
		};
		6FA8EF0F1DA3EFDB00804013 /* ShellScript */ = {
			isa = PBXShellScriptBuildPhase;
			buildActionMask = 2147483647;
			files = (
			);
			inputPaths = (
			);
			outputPaths = (
			);
			runOnlyForDeploymentPostprocessing = 0;
			shellPath = /bin/sh;
			shellScript = "APP_PATH=\"${TARGET_BUILD_DIR}/${WRAPPER_NAME}\"\n\n# This script loops through the frameworks embedded in the application and\n# removes unused architectures.\nfind \"$APP_PATH\" -name '*.framework' -type d | while read -r FRAMEWORK\ndo\nFRAMEWORK_EXECUTABLE_NAME=$(defaults read \"$FRAMEWORK/Info.plist\" CFBundleExecutable)\nFRAMEWORK_EXECUTABLE_PATH=\"$FRAMEWORK/$FRAMEWORK_EXECUTABLE_NAME\"\necho \"Executable is $FRAMEWORK_EXECUTABLE_PATH\"\n\nEXTRACTED_ARCHS=()\n\nfor ARCH in $ARCHS\ndo\necho \"Extracting $ARCH from $FRAMEWORK_EXECUTABLE_NAME\"\nlipo -extract \"$ARCH\" \"$FRAMEWORK_EXECUTABLE_PATH\" -o \"$FRAMEWORK_EXECUTABLE_PATH-$ARCH\"\nEXTRACTED_ARCHS+=(\"$FRAMEWORK_EXECUTABLE_PATH-$ARCH\")\ndone\n\necho \"Merging extracted architectures: ${ARCHS}\"\nlipo -o \"$FRAMEWORK_EXECUTABLE_PATH-merged\" -create \"${EXTRACTED_ARCHS[@]}\"\nrm \"${EXTRACTED_ARCHS[@]}\"\n\necho \"Replacing original executable with thinned version\"\nrm \"$FRAMEWORK_EXECUTABLE_PATH\"\nmv \"$FRAMEWORK_EXECUTABLE_PATH-merged\" \"$FRAMEWORK_EXECUTABLE_PATH\"\n\ndone";
		};
		6FE9FC291DD5C1A50050264D /* ShellScript */ = {
			isa = PBXShellScriptBuildPhase;
			buildActionMask = 2147483647;
			files = (
			);
			inputPaths = (
			);
			outputPaths = (
			);
			runOnlyForDeploymentPostprocessing = 0;
			shellPath = /bin/sh;
			shellScript = "./Fabric.framework/run 83bb56fdd2080fec948c59ae9c2a895425e421cd 4285413da27ce90ce8705280b912b36d4b07607d7f9a7a46451c0d78d87fd4c9\n";
		};
/* End PBXShellScriptBuildPhase section */

/* Begin PBXSourcesBuildPhase section */
		6FD2544F1CE2128C00083D83 /* Sources */ = {
			isa = PBXSourcesBuildPhase;
			buildActionMask = 2147483647;
			files = (
				6F6F0BA91D9BA39300370330 /* ReaderViewController.m in Sources */,
				6F3B30EA1DD4757300A46A93 /* ContactViewController.m in Sources */,
				6F43D0F61DC093B5009F2A86 /* WriteTagViewController.m in Sources */,
				6F3B30E71DD4644D00A46A93 /* ApplicationSettingsViewController.m in Sources */,
				6F6F0B9E1D9BA39300370330 /* SelectSettingViewController.m in Sources */,
				6F6F0BBA1D9BA39300370330 /* main.m in Sources */,
				6F6F0BA11D9BA39300370330 /* TagViewController.m in Sources */,
				6F6F0BB61D9BA39300370330 /* Tag.m in Sources */,
				6F6F0BA01D9BA39300370330 /* InfoViewController.m in Sources */,
				6F3B30D51DCFAB0600A46A93 /* LocateTagAntennaSelector.m in Sources */,
				6F7CFE661DBA2AC700B3C122 /* LocateViewController.m in Sources */,
				6F0074BC1DB7C13D00072C73 /* QuickGuideViewController.m in Sources */,
				6F0074CD1DB8A1C800072C73 /* AudioPlayer.m in Sources */,
				6F6F0BA51D9BA39300370330 /* InventoryViewController.m in Sources */,
				6F3B30D21DCF658D00A46A93 /* AverageBuffer.m in Sources */,
				6FC5B17C1DC0A5E900A55742 /* WriteTagPopoverViewController.m in Sources */,
				6F0074D01DB8F0BE00072C73 /* AboutViewController.m in Sources */,
				6F6F0BAA1D9BA39300370330 /* SettingsAlternative.m in Sources */,
				6F6F0BA61D9BA39300370330 /* SelectReaderViewController.m in Sources */,
				6FD95F281DC28AE900C7BFAD /* LocateTagViewController.m in Sources */,
				6F6F0B9F1D9BA39300370330 /* TuneViewController.m in Sources */,
				6F6F0BB81D9BA39300370330 /* AppDelegate.m in Sources */,
				6F6F0BB71D9BA39300370330 /* UIButton+BackgroundColor.m in Sources */,
				6F6F0B9D1D9BA39300370330 /* SettingsViewController.m in Sources */,
				6F3B30D81DCFC79900A46A93 /* SmoothingBuffer.m in Sources */,
				6F7CFE631DBA25B600B3C122 /* TagManager.m in Sources */,
				6F3B30E41DD452AF00A46A93 /* MainMenuCell.m in Sources */,
				6F00748C1DA6940A00072C73 /* ReadBarcodeViewController.m in Sources */,
				6F3B30E11DD306A300A46A93 /* ProgressView.m in Sources */,
			);
			runOnlyForDeploymentPostprocessing = 0;
		};
/* End PBXSourcesBuildPhase section */

/* Begin PBXVariantGroup section */
		6F6F0B821D9BA39300370330 /* LaunchScreen.storyboard */ = {
			isa = PBXVariantGroup;
			children = (
				6F6F0B831D9BA39300370330 /* Base */,
			);
			name = LaunchScreen.storyboard;
			path = ../Source/Base.lproj;
			sourceTree = "<group>";
		};
		6F6F0B841D9BA39300370330 /* Main.storyboard */ = {
			isa = PBXVariantGroup;
			children = (
				6F6F0B851D9BA39300370330 /* Base */,
			);
			name = Main.storyboard;
			path = ../Source/Base.lproj;
			sourceTree = "<group>";
		};
/* End PBXVariantGroup section */

/* Begin XCBuildConfiguration section */
		6FD254681CE2128C00083D83 /* Debug */ = {
			isa = XCBuildConfiguration;
			buildSettings = {
				ALWAYS_SEARCH_USER_PATHS = NO;
				CLANG_ANALYZER_NONNULL = YES;
				CLANG_CXX_LANGUAGE_STANDARD = "gnu++0x";
				CLANG_CXX_LIBRARY = "libc++";
				CLANG_ENABLE_MODULES = YES;
				CLANG_ENABLE_OBJC_ARC = YES;
				CLANG_WARN_BOOL_CONVERSION = YES;
				CLANG_WARN_CONSTANT_CONVERSION = YES;
				CLANG_WARN_DIRECT_OBJC_ISA_USAGE = YES_ERROR;
				CLANG_WARN_EMPTY_BODY = YES;
				CLANG_WARN_ENUM_CONVERSION = YES;
				CLANG_WARN_INFINITE_RECURSION = YES;
				CLANG_WARN_INT_CONVERSION = YES;
				CLANG_WARN_OBJC_ROOT_CLASS = YES_ERROR;
				CLANG_WARN_SUSPICIOUS_MOVE = YES;
				CLANG_WARN_UNREACHABLE_CODE = YES;
				CLANG_WARN__DUPLICATE_METHOD_MATCH = YES;
				"CODE_SIGN_IDENTITY[sdk=iphoneos*]" = "iPhone Developer";
				COPY_PHASE_STRIP = NO;
				DEBUG_INFORMATION_FORMAT = "dwarf-with-dsym";
				ENABLE_STRICT_OBJC_MSGSEND = YES;
				ENABLE_TESTABILITY = YES;
				GCC_C_LANGUAGE_STANDARD = gnu99;
				GCC_DYNAMIC_NO_PIC = NO;
				GCC_NO_COMMON_BLOCKS = YES;
				GCC_OPTIMIZATION_LEVEL = 0;
				GCC_PREPROCESSOR_DEFINITIONS = (
					"DEBUG=1",
					__ios__,
				);
				GCC_WARN_64_TO_32_BIT_CONVERSION = YES;
				GCC_WARN_ABOUT_RETURN_TYPE = YES_ERROR;
				GCC_WARN_UNDECLARED_SELECTOR = YES;
				GCC_WARN_UNINITIALIZED_AUTOS = YES_AGGRESSIVE;
				GCC_WARN_UNUSED_FUNCTION = YES;
				GCC_WARN_UNUSED_VARIABLE = YES;
				HEADER_SEARCH_PATHS = "";
				IPHONEOS_DEPLOYMENT_TARGET = 9.3;
				MTL_ENABLE_DEBUG_INFO = YES;
				ONLY_ACTIVE_ARCH = YES;
				SDKROOT = iphoneos;
			};
			name = Debug;
		};
		6FD254691CE2128C00083D83 /* Release */ = {
			isa = XCBuildConfiguration;
			buildSettings = {
				ALWAYS_SEARCH_USER_PATHS = NO;
				CLANG_ANALYZER_NONNULL = YES;
				CLANG_CXX_LANGUAGE_STANDARD = "gnu++0x";
				CLANG_CXX_LIBRARY = "libc++";
				CLANG_ENABLE_MODULES = YES;
				CLANG_ENABLE_OBJC_ARC = YES;
				CLANG_WARN_BOOL_CONVERSION = YES;
				CLANG_WARN_CONSTANT_CONVERSION = YES;
				CLANG_WARN_DIRECT_OBJC_ISA_USAGE = YES_ERROR;
				CLANG_WARN_EMPTY_BODY = YES;
				CLANG_WARN_ENUM_CONVERSION = YES;
				CLANG_WARN_INFINITE_RECURSION = YES;
				CLANG_WARN_INT_CONVERSION = YES;
				CLANG_WARN_OBJC_ROOT_CLASS = YES_ERROR;
				CLANG_WARN_SUSPICIOUS_MOVE = YES;
				CLANG_WARN_UNREACHABLE_CODE = YES;
				CLANG_WARN__DUPLICATE_METHOD_MATCH = YES;
				"CODE_SIGN_IDENTITY[sdk=iphoneos*]" = "iPhone Developer";
				COPY_PHASE_STRIP = NO;
				DEBUG_INFORMATION_FORMAT = "dwarf-with-dsym";
				ENABLE_NS_ASSERTIONS = NO;
				ENABLE_STRICT_OBJC_MSGSEND = YES;
				GCC_C_LANGUAGE_STANDARD = gnu99;
				GCC_NO_COMMON_BLOCKS = YES;
				GCC_PREPROCESSOR_DEFINITIONS = __ios__;
				GCC_WARN_64_TO_32_BIT_CONVERSION = YES;
				GCC_WARN_ABOUT_RETURN_TYPE = YES_ERROR;
				GCC_WARN_UNDECLARED_SELECTOR = YES;
				GCC_WARN_UNINITIALIZED_AUTOS = YES_AGGRESSIVE;
				GCC_WARN_UNUSED_FUNCTION = YES;
				GCC_WARN_UNUSED_VARIABLE = YES;
				HEADER_SEARCH_PATHS = "";
				IPHONEOS_DEPLOYMENT_TARGET = 9.3;
				MTL_ENABLE_DEBUG_INFO = NO;
				SDKROOT = iphoneos;
				VALIDATE_PRODUCT = YES;
			};
			name = Release;
		};
		6FD2546B1CE2128C00083D83 /* Debug */ = {
			isa = XCBuildConfiguration;
			buildSettings = {
				ASSETCATALOG_COMPILER_APPICON_NAME = AppIcon;
				"CODE_SIGN_IDENTITY[sdk=iphoneos*]" = "iPhone Developer";
				DEVELOPMENT_TEAM = VGSJJLLG7M;
				ENABLE_BITCODE = NO;
				FRAMEWORK_SEARCH_PATHS = (
					"$(inherited)",
					"$(PROJECT_DIR)",
				);
				INFOPLIST_FILE = Source/Info.plist;
				IPHONEOS_DEPLOYMENT_TARGET = 9.0;
				LD_RUNPATH_SEARCH_PATHS = "$(inherited) @executable_path/Frameworks";
				PRODUCT_BUNDLE_IDENTIFIER = com.nordicid.nurapi.objectivecdemo;
				PRODUCT_NAME = "$(TARGET_NAME)";
				PROVISIONING_PROFILE = "";
				PROVISIONING_PROFILE_SPECIFIER = "";
				TARGETED_DEVICE_FAMILY = "1,2";
			};
			name = Debug;
		};
		6FD2546C1CE2128C00083D83 /* Release */ = {
			isa = XCBuildConfiguration;
			buildSettings = {
				ASSETCATALOG_COMPILER_APPICON_NAME = AppIcon;
				"CODE_SIGN_IDENTITY[sdk=iphoneos*]" = "iPhone Developer";
				DEVELOPMENT_TEAM = VGSJJLLG7M;
				ENABLE_BITCODE = NO;
				FRAMEWORK_SEARCH_PATHS = (
					"$(inherited)",
					"$(PROJECT_DIR)",
				);
				INFOPLIST_FILE = Source/Info.plist;
				IPHONEOS_DEPLOYMENT_TARGET = 9.0;
				LD_RUNPATH_SEARCH_PATHS = "$(inherited) @executable_path/Frameworks";
				PRODUCT_BUNDLE_IDENTIFIER = com.nordicid.nurapi.objectivecdemo;
				PRODUCT_NAME = "$(TARGET_NAME)";
				PROVISIONING_PROFILE = "";
				PROVISIONING_PROFILE_SPECIFIER = "";
				TARGETED_DEVICE_FAMILY = "1,2";
			};
			name = Release;
		};
/* End XCBuildConfiguration section */

/* Begin XCConfigurationList section */
		6FD2544E1CE2128C00083D83 /* Build configuration list for PBXProject "Nordic ID RFID Demo" */ = {
			isa = XCConfigurationList;
			buildConfigurations = (
				6FD254681CE2128C00083D83 /* Debug */,
				6FD254691CE2128C00083D83 /* Release */,
			);
			defaultConfigurationIsVisible = 0;
			defaultConfigurationName = Release;
		};
		6FD2546A1CE2128C00083D83 /* Build configuration list for PBXNativeTarget "Nordic ID RFID Demo" */ = {
			isa = XCConfigurationList;
			buildConfigurations = (
				6FD2546B1CE2128C00083D83 /* Debug */,
				6FD2546C1CE2128C00083D83 /* Release */,
			);
			defaultConfigurationIsVisible = 0;
			defaultConfigurationName = Release;
		};
/* End XCConfigurationList section */
	};
	rootObject = 6FD2544B1CE2128C00083D83 /* Project object */;
}
