// !$*UTF8*$!
{
	archiveVersion = 1;
	classes = {
	};
	objectVersion = 46;
	objects = {

/* Begin PBXBuildFile section */
		6F04D1631F8B7FAE0064A229 /* FirmwareSectionHeader.m in Sources */ = {isa = PBXBuildFile; fileRef = 6F04D1611F8B7FAD0064A229 /* FirmwareSectionHeader.m */; };
		6F04D1671F8B96950064A229 /* FirmwareSectionHeader.xib in Resources */ = {isa = PBXBuildFile; fileRef = 6F04D1661F8B96950064A229 /* FirmwareSectionHeader.xib */; };
		6F7959DC1EC2D83000A458AA /* AboutViewController.m in Sources */ = {isa = PBXBuildFile; fileRef = 6F79598D1EC2D83000A458AA /* AboutViewController.m */; };
		6F7959DD1EC2D83000A458AA /* AppDelegate.m in Sources */ = {isa = PBXBuildFile; fileRef = 6F79598F1EC2D83000A458AA /* AppDelegate.m */; };
		6F7959DE1EC2D83000A458AA /* ApplicationSettingsViewController.m in Sources */ = {isa = PBXBuildFile; fileRef = 6F7959911EC2D83000A458AA /* ApplicationSettingsViewController.m */; };
		6F7959E01EC2D83000A458AA /* AudioPlayer.m in Sources */ = {isa = PBXBuildFile; fileRef = 6F7959941EC2D83000A458AA /* AudioPlayer.m */; };
		6F7959E11EC2D83000A458AA /* AverageBuffer.m in Sources */ = {isa = PBXBuildFile; fileRef = 6F7959961EC2D83000A458AA /* AverageBuffer.m */; };
		6F7959E41EC2D83000A458AA /* ConnectionManager.m in Sources */ = {isa = PBXBuildFile; fileRef = 6F79599C1EC2D83000A458AA /* ConnectionManager.m */; };
		6F7959E51EC2D83000A458AA /* ContactViewController.m in Sources */ = {isa = PBXBuildFile; fileRef = 6F79599E1EC2D83000A458AA /* ContactViewController.m */; };
		6F7959E61EC2D83000A458AA /* Firmware.m in Sources */ = {isa = PBXBuildFile; fileRef = 6F7959A21EC2D83000A458AA /* Firmware.m */; };
		6F7959E71EC2D83000A458AA /* FirmwareCell.m in Sources */ = {isa = PBXBuildFile; fileRef = 6F7959A41EC2D83000A458AA /* FirmwareCell.m */; };
		6F7959E91EC2D83000A458AA /* FirmwareTypeViewController.m in Sources */ = {isa = PBXBuildFile; fileRef = 6F7959A81EC2D83000A458AA /* FirmwareTypeViewController.m */; };
		6F7959EB1EC2D83000A458AA /* InfoViewController.m in Sources */ = {isa = PBXBuildFile; fileRef = 6F7959AB1EC2D83000A458AA /* InfoViewController.m */; };
		6F7959EC1EC2D83000A458AA /* InventoryViewController.m in Sources */ = {isa = PBXBuildFile; fileRef = 6F7959AD1EC2D83000A458AA /* InventoryViewController.m */; };
		6F7959EE1EC2D83000A458AA /* LocateTagAntennaSelector.m in Sources */ = {isa = PBXBuildFile; fileRef = 6F7959B01EC2D83000A458AA /* LocateTagAntennaSelector.m */; };
		6F7959EF1EC2D83000A458AA /* LocateTagViewController.m in Sources */ = {isa = PBXBuildFile; fileRef = 6F7959B21EC2D83000A458AA /* LocateTagViewController.m */; };
		6F7959F01EC2D83000A458AA /* LocateViewController.m in Sources */ = {isa = PBXBuildFile; fileRef = 6F7959B41EC2D83000A458AA /* LocateViewController.m */; };
		6F7959F11EC2D83000A458AA /* main.m in Sources */ = {isa = PBXBuildFile; fileRef = 6F7959B51EC2D83000A458AA /* main.m */; };
		6F7959F31EC2D83000A458AA /* MainMenuCell.m in Sources */ = {isa = PBXBuildFile; fileRef = 6F7959B81EC2D83000A458AA /* MainMenuCell.m */; };
		6F7959F41EC2D83000A458AA /* MainMenuViewController.m in Sources */ = {isa = PBXBuildFile; fileRef = 6F7959BA1EC2D83000A458AA /* MainMenuViewController.m */; };
		6F7959F51EC2D83000A458AA /* PerformUpdateViewController.m in Sources */ = {isa = PBXBuildFile; fileRef = 6F7959BC1EC2D83000A458AA /* PerformUpdateViewController.m */; };
		6F7959F61EC2D83000A458AA /* ProgressView.m in Sources */ = {isa = PBXBuildFile; fileRef = 6F7959BE1EC2D83000A458AA /* ProgressView.m */; };
		6F7959F71EC2D83000A458AA /* QuickGuideViewController.m in Sources */ = {isa = PBXBuildFile; fileRef = 6F7959C01EC2D83000A458AA /* QuickGuideViewController.m */; };
		6F7959F81EC2D83000A458AA /* ReadBarcodeViewController.m in Sources */ = {isa = PBXBuildFile; fileRef = 6F7959C21EC2D83000A458AA /* ReadBarcodeViewController.m */; };
		6F7959F91EC2D83000A458AA /* SelectReaderViewController.m in Sources */ = {isa = PBXBuildFile; fileRef = 6F7959C41EC2D83000A458AA /* SelectReaderViewController.m */; };
		6F7959FA1EC2D83000A458AA /* SelectSettingViewController.m in Sources */ = {isa = PBXBuildFile; fileRef = 6F7959C61EC2D83000A458AA /* SelectSettingViewController.m */; };
		6F7959FB1EC2D83000A458AA /* SettingsAlternative.m in Sources */ = {isa = PBXBuildFile; fileRef = 6F7959C81EC2D83000A458AA /* SettingsAlternative.m */; };
		6F7959FC1EC2D83000A458AA /* RfidSettingsViewController.m in Sources */ = {isa = PBXBuildFile; fileRef = 6F7959CA1EC2D83000A458AA /* RfidSettingsViewController.m */; };
		6F7959FD1EC2D83000A458AA /* SmoothingBuffer.m in Sources */ = {isa = PBXBuildFile; fileRef = 6F7959CC1EC2D83000A458AA /* SmoothingBuffer.m */; };
		6F7959FE1EC2D83000A458AA /* Tag.m in Sources */ = {isa = PBXBuildFile; fileRef = 6F7959CE1EC2D83000A458AA /* Tag.m */; };
		6F7959FF1EC2D83000A458AA /* TagManager.m in Sources */ = {isa = PBXBuildFile; fileRef = 6F7959D01EC2D83000A458AA /* TagManager.m */; };
		6F795A001EC2D83000A458AA /* TagViewController.m in Sources */ = {isa = PBXBuildFile; fileRef = 6F7959D21EC2D83000A458AA /* TagViewController.m */; };
		6F795A011EC2D83000A458AA /* TTTAttributedLabel.m in Sources */ = {isa = PBXBuildFile; fileRef = 6F7959D51EC2D83000A458AA /* TTTAttributedLabel.m */; };
		6F795A021EC2D83000A458AA /* TuneViewController.m in Sources */ = {isa = PBXBuildFile; fileRef = 6F7959D71EC2D83000A458AA /* TuneViewController.m */; };
		6F795A031EC2D83000A458AA /* WriteTagPopoverViewController.m in Sources */ = {isa = PBXBuildFile; fileRef = 6F7959D91EC2D83000A458AA /* WriteTagPopoverViewController.m */; };
		6F795A041EC2D83000A458AA /* WriteTagViewController.m in Sources */ = {isa = PBXBuildFile; fileRef = 6F7959DB1EC2D83000A458AA /* WriteTagViewController.m */; };
		6F795A101EC2D8FD00A458AA /* blep_100ms.wav in Resources */ = {isa = PBXBuildFile; fileRef = 6F795A0C1EC2D8FD00A458AA /* blep_100ms.wav */; };
		6F795A111EC2D8FD00A458AA /* blep_300ms.wav in Resources */ = {isa = PBXBuildFile; fileRef = 6F795A0D1EC2D8FD00A458AA /* blep_300ms.wav */; };
		6F795A121EC2D8FD00A458AA /* blep_40ms.wav in Resources */ = {isa = PBXBuildFile; fileRef = 6F795A0E1EC2D8FD00A458AA /* blep_40ms.wav */; };
		6F795A131EC2D8FD00A458AA /* blipblipblip.wav in Resources */ = {isa = PBXBuildFile; fileRef = 6F795A0F1EC2D8FD00A458AA /* blipblipblip.wav */; };
		6F795A171EC2D90E00A458AA /* QuickGuide.html in Resources */ = {isa = PBXBuildFile; fileRef = 6F795A151EC2D90E00A458AA /* QuickGuide.html */; };
		6F795A211EC2D94E00A458AA /* NurAPIBluetooth.framework in Embed Frameworks */ = {isa = PBXBuildFile; fileRef = 6F795A1E1EC2D94600A458AA /* NurAPIBluetooth.framework */; settings = {ATTRIBUTES = (CodeSignOnCopy, RemoveHeadersOnCopy, ); }; };
		6F795A3A1EC2F8BB00A458AA /* Main.storyboard in Resources */ = {isa = PBXBuildFile; fileRef = 6F7959991EC2D83000A458AA /* Main.storyboard */; };
		6F795A3B1EC2F8C000A458AA /* LaunchScreen.storyboard in Resources */ = {isa = PBXBuildFile; fileRef = 6F7959971EC2D83000A458AA /* LaunchScreen.storyboard */; };
		6F795A3E1EC2FB8000A458AA /* InfoPlist.strings in Resources */ = {isa = PBXBuildFile; fileRef = 6F795A401EC2FB8000A458AA /* InfoPlist.strings */; };
		6F795A431EC2FB8100A458AA /* Localizable.strings in Resources */ = {isa = PBXBuildFile; fileRef = 6F795A451EC2FB8100A458AA /* Localizable.strings */; };
		6F921BE91F862D2C0088AC3E /* FirmwareDownloader.m in Sources */ = {isa = PBXBuildFile; fileRef = 6F921BE81F862D2B0088AC3E /* FirmwareDownloader.m */; };
		6F921BF11F87B7560088AC3E /* FirmwareSelectionViewController.m in Sources */ = {isa = PBXBuildFile; fileRef = 6F921BF01F87B7560088AC3E /* FirmwareSelectionViewController.m */; };
		6FAC4CBE1F96118B0045DA7D /* ContactViewController.m in Sources */ = {isa = PBXBuildFile; fileRef = 6F79599E1EC2D83000A458AA /* ContactViewController.m */; };
		6FAC4CBF1F96118B0045DA7D /* SelectReaderViewController.m in Sources */ = {isa = PBXBuildFile; fileRef = 6F7959C41EC2D83000A458AA /* SelectReaderViewController.m */; };
		6FAC4CC01F96118B0045DA7D /* AverageBuffer.m in Sources */ = {isa = PBXBuildFile; fileRef = 6F7959961EC2D83000A458AA /* AverageBuffer.m */; };
		6FAC4CC11F96118B0045DA7D /* TTTAttributedLabel.m in Sources */ = {isa = PBXBuildFile; fileRef = 6F7959D51EC2D83000A458AA /* TTTAttributedLabel.m */; };
		6FAC4CC21F96118B0045DA7D /* RfidSettingsViewController.m in Sources */ = {isa = PBXBuildFile; fileRef = 6F7959CA1EC2D83000A458AA /* RfidSettingsViewController.m */; };
		6FAC4CC31F96118B0045DA7D /* InventoryViewController.m in Sources */ = {isa = PBXBuildFile; fileRef = 6F7959AD1EC2D83000A458AA /* InventoryViewController.m */; };
		6FAC4CC41F96118B0045DA7D /* InfoViewController.m in Sources */ = {isa = PBXBuildFile; fileRef = 6F7959AB1EC2D83000A458AA /* InfoViewController.m */; };
		6FAC4CC51F96118B0045DA7D /* SettingsAlternative.m in Sources */ = {isa = PBXBuildFile; fileRef = 6F7959C81EC2D83000A458AA /* SettingsAlternative.m */; };
		6FAC4CC61F96118B0045DA7D /* ProgressView.m in Sources */ = {isa = PBXBuildFile; fileRef = 6F7959BE1EC2D83000A458AA /* ProgressView.m */; };
		6FAC4CC71F96118B0045DA7D /* SelectSettingViewController.m in Sources */ = {isa = PBXBuildFile; fileRef = 6F7959C61EC2D83000A458AA /* SelectSettingViewController.m */; };
		6FAC4CC81F96118B0045DA7D /* PerformUpdateViewController.m in Sources */ = {isa = PBXBuildFile; fileRef = 6F7959BC1EC2D83000A458AA /* PerformUpdateViewController.m */; };
		6FAC4CC91F96118B0045DA7D /* MainMenuViewController.m in Sources */ = {isa = PBXBuildFile; fileRef = 6F7959BA1EC2D83000A458AA /* MainMenuViewController.m */; };
		6FAC4CCA1F96118B0045DA7D /* Firmware.m in Sources */ = {isa = PBXBuildFile; fileRef = 6F7959A21EC2D83000A458AA /* Firmware.m */; };
		6FAC4CCB1F96118B0045DA7D /* ApplicationSettingsViewController.m in Sources */ = {isa = PBXBuildFile; fileRef = 6F7959911EC2D83000A458AA /* ApplicationSettingsViewController.m */; };
		6FAC4CCC1F96118B0045DA7D /* AppDelegate.m in Sources */ = {isa = PBXBuildFile; fileRef = 6F79598F1EC2D83000A458AA /* AppDelegate.m */; };
		6FAC4CCD1F96118B0045DA7D /* QuickGuideViewController.m in Sources */ = {isa = PBXBuildFile; fileRef = 6F7959C01EC2D83000A458AA /* QuickGuideViewController.m */; };
		6FAC4CCE1F96118B0045DA7D /* LocateViewController.m in Sources */ = {isa = PBXBuildFile; fileRef = 6F7959B41EC2D83000A458AA /* LocateViewController.m */; };
		6FAC4CCF1F96118B0045DA7D /* FirmwareTypeViewController.m in Sources */ = {isa = PBXBuildFile; fileRef = 6F7959A81EC2D83000A458AA /* FirmwareTypeViewController.m */; };
		6FAC4CD01F96118B0045DA7D /* FirmwareSelectionViewController.m in Sources */ = {isa = PBXBuildFile; fileRef = 6F921BF01F87B7560088AC3E /* FirmwareSelectionViewController.m */; };
		6FAC4CD11F96118B0045DA7D /* FirmwareSectionHeader.m in Sources */ = {isa = PBXBuildFile; fileRef = 6F04D1611F8B7FAD0064A229 /* FirmwareSectionHeader.m */; };
		6FAC4CD21F96118B0045DA7D /* WriteTagPopoverViewController.m in Sources */ = {isa = PBXBuildFile; fileRef = 6F7959D91EC2D83000A458AA /* WriteTagPopoverViewController.m */; };
		6FAC4CD31F96118B0045DA7D /* FirmwareCell.m in Sources */ = {isa = PBXBuildFile; fileRef = 6F7959A41EC2D83000A458AA /* FirmwareCell.m */; };
		6FAC4CD41F96118B0045DA7D /* WriteTagViewController.m in Sources */ = {isa = PBXBuildFile; fileRef = 6F7959DB1EC2D83000A458AA /* WriteTagViewController.m */; };
		6FAC4CD51F96118B0045DA7D /* LocateTagViewController.m in Sources */ = {isa = PBXBuildFile; fileRef = 6F7959B21EC2D83000A458AA /* LocateTagViewController.m */; };
		6FAC4CD61F96118B0045DA7D /* Tag.m in Sources */ = {isa = PBXBuildFile; fileRef = 6F7959CE1EC2D83000A458AA /* Tag.m */; };
		6FAC4CD71F96118B0045DA7D /* main.m in Sources */ = {isa = PBXBuildFile; fileRef = 6F7959B51EC2D83000A458AA /* main.m */; };
		6FAC4CD81F96118B0045DA7D /* ConnectionManager.m in Sources */ = {isa = PBXBuildFile; fileRef = 6F79599C1EC2D83000A458AA /* ConnectionManager.m */; };
		6FAC4CD91F96118B0045DA7D /* SmoothingBuffer.m in Sources */ = {isa = PBXBuildFile; fileRef = 6F7959CC1EC2D83000A458AA /* SmoothingBuffer.m */; };
		6FAC4CDA1F96118B0045DA7D /* FirmwareDownloader.m in Sources */ = {isa = PBXBuildFile; fileRef = 6F921BE81F862D2B0088AC3E /* FirmwareDownloader.m */; };
		6FAC4CDB1F96118B0045DA7D /* AboutViewController.m in Sources */ = {isa = PBXBuildFile; fileRef = 6F79598D1EC2D83000A458AA /* AboutViewController.m */; };
		6FAC4CDC1F96118B0045DA7D /* MainMenuCell.m in Sources */ = {isa = PBXBuildFile; fileRef = 6F7959B81EC2D83000A458AA /* MainMenuCell.m */; };
		6FAC4CDD1F96118B0045DA7D /* AudioPlayer.m in Sources */ = {isa = PBXBuildFile; fileRef = 6F7959941EC2D83000A458AA /* AudioPlayer.m */; };
		6FAC4CDE1F96118B0045DA7D /* ReadBarcodeViewController.m in Sources */ = {isa = PBXBuildFile; fileRef = 6F7959C21EC2D83000A458AA /* ReadBarcodeViewController.m */; };
		6FAC4CDF1F96118B0045DA7D /* TagViewController.m in Sources */ = {isa = PBXBuildFile; fileRef = 6F7959D21EC2D83000A458AA /* TagViewController.m */; };
		6FAC4CE01F96118B0045DA7D /* TagManager.m in Sources */ = {isa = PBXBuildFile; fileRef = 6F7959D01EC2D83000A458AA /* TagManager.m */; };
		6FAC4CE11F96118B0045DA7D /* LocateTagAntennaSelector.m in Sources */ = {isa = PBXBuildFile; fileRef = 6F7959B01EC2D83000A458AA /* LocateTagAntennaSelector.m */; };
		6FAC4CE21F96118B0045DA7D /* TuneViewController.m in Sources */ = {isa = PBXBuildFile; fileRef = 6F7959D71EC2D83000A458AA /* TuneViewController.m */; };
		6FAC4CE61F96118B0045DA7D /* blipblipblip.wav in Resources */ = {isa = PBXBuildFile; fileRef = 6F795A0F1EC2D8FD00A458AA /* blipblipblip.wav */; };
		6FAC4CE71F96118B0045DA7D /* Localizable.strings in Resources */ = {isa = PBXBuildFile; fileRef = 6F795A451EC2FB8100A458AA /* Localizable.strings */; };
		6FAC4CE81F96118B0045DA7D /* QuickGuide.html in Resources */ = {isa = PBXBuildFile; fileRef = 6F795A151EC2D90E00A458AA /* QuickGuide.html */; };
		6FAC4CE91F96118B0045DA7D /* blep_100ms.wav in Resources */ = {isa = PBXBuildFile; fileRef = 6F795A0C1EC2D8FD00A458AA /* blep_100ms.wav */; };
		6FAC4CEA1F96118B0045DA7D /* LaunchScreen.storyboard in Resources */ = {isa = PBXBuildFile; fileRef = 6F7959971EC2D83000A458AA /* LaunchScreen.storyboard */; };
		6FAC4CEB1F96118B0045DA7D /* FirmwareSectionHeader.xib in Resources */ = {isa = PBXBuildFile; fileRef = 6F04D1661F8B96950064A229 /* FirmwareSectionHeader.xib */; };
		6FAC4CEE1F96118B0045DA7D /* Main.storyboard in Resources */ = {isa = PBXBuildFile; fileRef = 6F7959991EC2D83000A458AA /* Main.storyboard */; };
		6FAC4CEF1F96118B0045DA7D /* blep_40ms.wav in Resources */ = {isa = PBXBuildFile; fileRef = 6F795A0E1EC2D8FD00A458AA /* blep_40ms.wav */; };
		6FAC4CF11F96118B0045DA7D /* blep_300ms.wav in Resources */ = {isa = PBXBuildFile; fileRef = 6F795A0D1EC2D8FD00A458AA /* blep_300ms.wav */; };
		6FAC4CF31F96118B0045DA7D /* NurAPIBluetooth.framework in Embed Frameworks */ = {isa = PBXBuildFile; fileRef = 6F795A1E1EC2D94600A458AA /* NurAPIBluetooth.framework */; settings = {ATTRIBUTES = (CodeSignOnCopy, RemoveHeadersOnCopy, ); }; };
		6FBC8D8C1F965241005CC09F /* TargetAssets.xcassets in Resources */ = {isa = PBXBuildFile; fileRef = 6FE7549A1F96484500CE8B66 /* TargetAssets.xcassets */; };
		6FBC8D8F1F98A5A0005CC09F /* Theme.m in Sources */ = {isa = PBXBuildFile; fileRef = 6FBC8D8E1F98A5A0005CC09F /* Theme.m */; };
		6FE754911F96442400CE8B66 /* SharedAssets.xcassets in Resources */ = {isa = PBXBuildFile; fileRef = 6FE754901F96442400CE8B66 /* SharedAssets.xcassets */; };
		6FE754921F96444B00CE8B66 /* SharedAssets.xcassets in Resources */ = {isa = PBXBuildFile; fileRef = 6FE754901F96442400CE8B66 /* SharedAssets.xcassets */; };
		6FE7549B1F96484500CE8B66 /* TargetAssets.xcassets in Resources */ = {isa = PBXBuildFile; fileRef = 6FE7549A1F96484500CE8B66 /* TargetAssets.xcassets */; };
		6FED46E01F99EA43009BB353 /* ReaderSettingsViewController.m in Sources */ = {isa = PBXBuildFile; fileRef = 6FED46DE1F99EA43009BB353 /* ReaderSettingsViewController.m */; };
/* End PBXBuildFile section */

/* Begin PBXCopyFilesBuildPhase section */
		6F795A221EC2D94E00A458AA /* Embed Frameworks */ = {
			isa = PBXCopyFilesBuildPhase;
			buildActionMask = 2147483647;
			dstPath = "";
			dstSubfolderSpec = 10;
			files = (
				6F795A211EC2D94E00A458AA /* NurAPIBluetooth.framework in Embed Frameworks */,
			);
			name = "Embed Frameworks";
			runOnlyForDeploymentPostprocessing = 0;
		};
		6FAC4CF21F96118B0045DA7D /* Embed Frameworks */ = {
			isa = PBXCopyFilesBuildPhase;
			buildActionMask = 2147483647;
			dstPath = "";
			dstSubfolderSpec = 10;
			files = (
				6FAC4CF31F96118B0045DA7D /* NurAPIBluetooth.framework in Embed Frameworks */,
			);
			name = "Embed Frameworks";
			runOnlyForDeploymentPostprocessing = 0;
		};
/* End PBXCopyFilesBuildPhase section */

/* Begin PBXFileReference section */
		6F04D1611F8B7FAD0064A229 /* FirmwareSectionHeader.m */ = {isa = PBXFileReference; fileEncoding = 4; lastKnownFileType = sourcecode.c.objc; path = FirmwareSectionHeader.m; sourceTree = "<group>"; };
		6F04D1621F8B7FAE0064A229 /* FirmwareSectionHeader.h */ = {isa = PBXFileReference; fileEncoding = 4; lastKnownFileType = sourcecode.c.h; path = FirmwareSectionHeader.h; sourceTree = "<group>"; };
		6F04D1661F8B96950064A229 /* FirmwareSectionHeader.xib */ = {isa = PBXFileReference; lastKnownFileType = file.xib; path = FirmwareSectionHeader.xib; sourceTree = "<group>"; };
		6F7959711EC2D77600A458AA /* Nordic ID RFID Demo.app */ = {isa = PBXFileReference; explicitFileType = wrapper.application; includeInIndex = 0; path = "Nordic ID RFID Demo.app"; sourceTree = BUILT_PRODUCTS_DIR; };
		6F79598C1EC2D83000A458AA /* AboutViewController.h */ = {isa = PBXFileReference; fileEncoding = 4; lastKnownFileType = sourcecode.c.h; path = AboutViewController.h; sourceTree = "<group>"; };
		6F79598D1EC2D83000A458AA /* AboutViewController.m */ = {isa = PBXFileReference; fileEncoding = 4; lastKnownFileType = sourcecode.c.objc; path = AboutViewController.m; sourceTree = "<group>"; };
		6F79598E1EC2D83000A458AA /* AppDelegate.h */ = {isa = PBXFileReference; fileEncoding = 4; lastKnownFileType = sourcecode.c.h; path = AppDelegate.h; sourceTree = "<group>"; };
		6F79598F1EC2D83000A458AA /* AppDelegate.m */ = {isa = PBXFileReference; fileEncoding = 4; lastKnownFileType = sourcecode.c.objc; path = AppDelegate.m; sourceTree = "<group>"; };
		6F7959901EC2D83000A458AA /* ApplicationSettingsViewController.h */ = {isa = PBXFileReference; fileEncoding = 4; lastKnownFileType = sourcecode.c.h; path = ApplicationSettingsViewController.h; sourceTree = "<group>"; };
		6F7959911EC2D83000A458AA /* ApplicationSettingsViewController.m */ = {isa = PBXFileReference; fileEncoding = 4; lastKnownFileType = sourcecode.c.objc; path = ApplicationSettingsViewController.m; sourceTree = "<group>"; };
		6F7959931EC2D83000A458AA /* AudioPlayer.h */ = {isa = PBXFileReference; fileEncoding = 4; lastKnownFileType = sourcecode.c.h; path = AudioPlayer.h; sourceTree = "<group>"; };
		6F7959941EC2D83000A458AA /* AudioPlayer.m */ = {isa = PBXFileReference; fileEncoding = 4; lastKnownFileType = sourcecode.c.objc; path = AudioPlayer.m; sourceTree = "<group>"; };
		6F7959951EC2D83000A458AA /* AverageBuffer.h */ = {isa = PBXFileReference; fileEncoding = 4; lastKnownFileType = sourcecode.c.h; path = AverageBuffer.h; sourceTree = "<group>"; };
		6F7959961EC2D83000A458AA /* AverageBuffer.m */ = {isa = PBXFileReference; fileEncoding = 4; lastKnownFileType = sourcecode.c.objc; path = AverageBuffer.m; sourceTree = "<group>"; };
		6F7959981EC2D83000A458AA /* Base */ = {isa = PBXFileReference; lastKnownFileType = file.storyboard; name = Base; path = Base.lproj/LaunchScreen.storyboard; sourceTree = "<group>"; };
		6F79599A1EC2D83000A458AA /* Base */ = {isa = PBXFileReference; lastKnownFileType = file.storyboard; name = Base; path = Base.lproj/Main.storyboard; sourceTree = "<group>"; };
		6F79599B1EC2D83000A458AA /* ConnectionManager.h */ = {isa = PBXFileReference; fileEncoding = 4; lastKnownFileType = sourcecode.c.h; path = ConnectionManager.h; sourceTree = "<group>"; };
		6F79599C1EC2D83000A458AA /* ConnectionManager.m */ = {isa = PBXFileReference; fileEncoding = 4; lastKnownFileType = sourcecode.c.objc; path = ConnectionManager.m; sourceTree = "<group>"; };
		6F79599D1EC2D83000A458AA /* ContactViewController.h */ = {isa = PBXFileReference; fileEncoding = 4; lastKnownFileType = sourcecode.c.h; path = ContactViewController.h; sourceTree = "<group>"; };
		6F79599E1EC2D83000A458AA /* ContactViewController.m */ = {isa = PBXFileReference; fileEncoding = 4; lastKnownFileType = sourcecode.c.objc; path = ContactViewController.m; sourceTree = "<group>"; };
		6F79599F1EC2D83000A458AA /* en */ = {isa = PBXFileReference; lastKnownFileType = file.storyboard; name = en; path = en.lproj/LaunchScreen.storyboard; sourceTree = "<group>"; };
		6F7959A01EC2D83000A458AA /* en */ = {isa = PBXFileReference; lastKnownFileType = file.storyboard; name = en; path = en.lproj/Main.storyboard; sourceTree = "<group>"; };
		6F7959A11EC2D83000A458AA /* Firmware.h */ = {isa = PBXFileReference; fileEncoding = 4; lastKnownFileType = sourcecode.c.h; path = Firmware.h; sourceTree = "<group>"; };
		6F7959A21EC2D83000A458AA /* Firmware.m */ = {isa = PBXFileReference; fileEncoding = 4; lastKnownFileType = sourcecode.c.objc; path = Firmware.m; sourceTree = "<group>"; };
		6F7959A31EC2D83000A458AA /* FirmwareCell.h */ = {isa = PBXFileReference; fileEncoding = 4; lastKnownFileType = sourcecode.c.h; path = FirmwareCell.h; sourceTree = "<group>"; };
		6F7959A41EC2D83000A458AA /* FirmwareCell.m */ = {isa = PBXFileReference; fileEncoding = 4; lastKnownFileType = sourcecode.c.objc; path = FirmwareCell.m; sourceTree = "<group>"; };
		6F7959A71EC2D83000A458AA /* FirmwareTypeViewController.h */ = {isa = PBXFileReference; fileEncoding = 4; lastKnownFileType = sourcecode.c.h; path = FirmwareTypeViewController.h; sourceTree = "<group>"; };
		6F7959A81EC2D83000A458AA /* FirmwareTypeViewController.m */ = {isa = PBXFileReference; fileEncoding = 4; lastKnownFileType = sourcecode.c.objc; path = FirmwareTypeViewController.m; sourceTree = "<group>"; };
		6F7959A91EC2D83000A458AA /* Info.plist */ = {isa = PBXFileReference; fileEncoding = 4; lastKnownFileType = text.plist.xml; path = Info.plist; sourceTree = "<group>"; };
		6F7959AA1EC2D83000A458AA /* InfoViewController.h */ = {isa = PBXFileReference; fileEncoding = 4; lastKnownFileType = sourcecode.c.h; path = InfoViewController.h; sourceTree = "<group>"; };
		6F7959AB1EC2D83000A458AA /* InfoViewController.m */ = {isa = PBXFileReference; fileEncoding = 4; lastKnownFileType = sourcecode.c.objc; path = InfoViewController.m; sourceTree = "<group>"; };
		6F7959AC1EC2D83000A458AA /* InventoryViewController.h */ = {isa = PBXFileReference; fileEncoding = 4; lastKnownFileType = sourcecode.c.h; path = InventoryViewController.h; sourceTree = "<group>"; };
		6F7959AD1EC2D83000A458AA /* InventoryViewController.m */ = {isa = PBXFileReference; fileEncoding = 4; lastKnownFileType = sourcecode.c.objc; path = InventoryViewController.m; sourceTree = "<group>"; };
		6F7959AF1EC2D83000A458AA /* LocateTagAntennaSelector.h */ = {isa = PBXFileReference; fileEncoding = 4; lastKnownFileType = sourcecode.c.h; path = LocateTagAntennaSelector.h; sourceTree = "<group>"; };
		6F7959B01EC2D83000A458AA /* LocateTagAntennaSelector.m */ = {isa = PBXFileReference; fileEncoding = 4; lastKnownFileType = sourcecode.c.objc; path = LocateTagAntennaSelector.m; sourceTree = "<group>"; };
		6F7959B11EC2D83000A458AA /* LocateTagViewController.h */ = {isa = PBXFileReference; fileEncoding = 4; lastKnownFileType = sourcecode.c.h; path = LocateTagViewController.h; sourceTree = "<group>"; };
		6F7959B21EC2D83000A458AA /* LocateTagViewController.m */ = {isa = PBXFileReference; fileEncoding = 4; lastKnownFileType = sourcecode.c.objc; path = LocateTagViewController.m; sourceTree = "<group>"; };
		6F7959B31EC2D83000A458AA /* LocateViewController.h */ = {isa = PBXFileReference; fileEncoding = 4; lastKnownFileType = sourcecode.c.h; path = LocateViewController.h; sourceTree = "<group>"; };
		6F7959B41EC2D83000A458AA /* LocateViewController.m */ = {isa = PBXFileReference; fileEncoding = 4; lastKnownFileType = sourcecode.c.objc; path = LocateViewController.m; sourceTree = "<group>"; };
		6F7959B51EC2D83000A458AA /* main.m */ = {isa = PBXFileReference; fileEncoding = 4; lastKnownFileType = sourcecode.c.objc; path = main.m; sourceTree = "<group>"; };
		6F7959B71EC2D83000A458AA /* MainMenuCell.h */ = {isa = PBXFileReference; fileEncoding = 4; lastKnownFileType = sourcecode.c.h; path = MainMenuCell.h; sourceTree = "<group>"; };
		6F7959B81EC2D83000A458AA /* MainMenuCell.m */ = {isa = PBXFileReference; fileEncoding = 4; lastKnownFileType = sourcecode.c.objc; path = MainMenuCell.m; sourceTree = "<group>"; };
		6F7959B91EC2D83000A458AA /* MainMenuViewController.h */ = {isa = PBXFileReference; fileEncoding = 4; lastKnownFileType = sourcecode.c.h; path = MainMenuViewController.h; sourceTree = "<group>"; };
		6F7959BA1EC2D83000A458AA /* MainMenuViewController.m */ = {isa = PBXFileReference; fileEncoding = 4; lastKnownFileType = sourcecode.c.objc; path = MainMenuViewController.m; sourceTree = "<group>"; };
		6F7959BB1EC2D83000A458AA /* PerformUpdateViewController.h */ = {isa = PBXFileReference; fileEncoding = 4; lastKnownFileType = sourcecode.c.h; path = PerformUpdateViewController.h; sourceTree = "<group>"; };
		6F7959BC1EC2D83000A458AA /* PerformUpdateViewController.m */ = {isa = PBXFileReference; fileEncoding = 4; lastKnownFileType = sourcecode.c.objc; path = PerformUpdateViewController.m; sourceTree = "<group>"; };
		6F7959BD1EC2D83000A458AA /* ProgressView.h */ = {isa = PBXFileReference; fileEncoding = 4; lastKnownFileType = sourcecode.c.h; path = ProgressView.h; sourceTree = "<group>"; };
		6F7959BE1EC2D83000A458AA /* ProgressView.m */ = {isa = PBXFileReference; fileEncoding = 4; lastKnownFileType = sourcecode.c.objc; path = ProgressView.m; sourceTree = "<group>"; };
		6F7959BF1EC2D83000A458AA /* QuickGuideViewController.h */ = {isa = PBXFileReference; fileEncoding = 4; lastKnownFileType = sourcecode.c.h; path = QuickGuideViewController.h; sourceTree = "<group>"; };
		6F7959C01EC2D83000A458AA /* QuickGuideViewController.m */ = {isa = PBXFileReference; fileEncoding = 4; lastKnownFileType = sourcecode.c.objc; path = QuickGuideViewController.m; sourceTree = "<group>"; };
		6F7959C11EC2D83000A458AA /* ReadBarcodeViewController.h */ = {isa = PBXFileReference; fileEncoding = 4; lastKnownFileType = sourcecode.c.h; path = ReadBarcodeViewController.h; sourceTree = "<group>"; };
		6F7959C21EC2D83000A458AA /* ReadBarcodeViewController.m */ = {isa = PBXFileReference; fileEncoding = 4; lastKnownFileType = sourcecode.c.objc; path = ReadBarcodeViewController.m; sourceTree = "<group>"; };
		6F7959C31EC2D83000A458AA /* SelectReaderViewController.h */ = {isa = PBXFileReference; fileEncoding = 4; lastKnownFileType = sourcecode.c.h; path = SelectReaderViewController.h; sourceTree = "<group>"; };
		6F7959C41EC2D83000A458AA /* SelectReaderViewController.m */ = {isa = PBXFileReference; fileEncoding = 4; lastKnownFileType = sourcecode.c.objc; path = SelectReaderViewController.m; sourceTree = "<group>"; };
		6F7959C51EC2D83000A458AA /* SelectSettingViewController.h */ = {isa = PBXFileReference; fileEncoding = 4; lastKnownFileType = sourcecode.c.h; path = SelectSettingViewController.h; sourceTree = "<group>"; };
		6F7959C61EC2D83000A458AA /* SelectSettingViewController.m */ = {isa = PBXFileReference; fileEncoding = 4; lastKnownFileType = sourcecode.c.objc; path = SelectSettingViewController.m; sourceTree = "<group>"; };
		6F7959C71EC2D83000A458AA /* SettingsAlternative.h */ = {isa = PBXFileReference; fileEncoding = 4; lastKnownFileType = sourcecode.c.h; path = SettingsAlternative.h; sourceTree = "<group>"; };
		6F7959C81EC2D83000A458AA /* SettingsAlternative.m */ = {isa = PBXFileReference; fileEncoding = 4; lastKnownFileType = sourcecode.c.objc; path = SettingsAlternative.m; sourceTree = "<group>"; };
		6F7959C91EC2D83000A458AA /* RfidSettingsViewController.h */ = {isa = PBXFileReference; fileEncoding = 4; lastKnownFileType = sourcecode.c.h; path = RfidSettingsViewController.h; sourceTree = "<group>"; };
		6F7959CA1EC2D83000A458AA /* RfidSettingsViewController.m */ = {isa = PBXFileReference; fileEncoding = 4; lastKnownFileType = sourcecode.c.objc; path = RfidSettingsViewController.m; sourceTree = "<group>"; };
		6F7959CB1EC2D83000A458AA /* SmoothingBuffer.h */ = {isa = PBXFileReference; fileEncoding = 4; lastKnownFileType = sourcecode.c.h; path = SmoothingBuffer.h; sourceTree = "<group>"; };
		6F7959CC1EC2D83000A458AA /* SmoothingBuffer.m */ = {isa = PBXFileReference; fileEncoding = 4; lastKnownFileType = sourcecode.c.objc; path = SmoothingBuffer.m; sourceTree = "<group>"; };
		6F7959CD1EC2D83000A458AA /* Tag.h */ = {isa = PBXFileReference; fileEncoding = 4; lastKnownFileType = sourcecode.c.h; path = Tag.h; sourceTree = "<group>"; };
		6F7959CE1EC2D83000A458AA /* Tag.m */ = {isa = PBXFileReference; fileEncoding = 4; lastKnownFileType = sourcecode.c.objc; path = Tag.m; sourceTree = "<group>"; };
		6F7959CF1EC2D83000A458AA /* TagManager.h */ = {isa = PBXFileReference; fileEncoding = 4; lastKnownFileType = sourcecode.c.h; path = TagManager.h; sourceTree = "<group>"; };
		6F7959D01EC2D83000A458AA /* TagManager.m */ = {isa = PBXFileReference; fileEncoding = 4; lastKnownFileType = sourcecode.c.objc; path = TagManager.m; sourceTree = "<group>"; };
		6F7959D11EC2D83000A458AA /* TagViewController.h */ = {isa = PBXFileReference; fileEncoding = 4; lastKnownFileType = sourcecode.c.h; path = TagViewController.h; sourceTree = "<group>"; };
		6F7959D21EC2D83000A458AA /* TagViewController.m */ = {isa = PBXFileReference; fileEncoding = 4; lastKnownFileType = sourcecode.c.objc; path = TagViewController.m; sourceTree = "<group>"; };
		6F7959D41EC2D83000A458AA /* TTTAttributedLabel.h */ = {isa = PBXFileReference; fileEncoding = 4; lastKnownFileType = sourcecode.c.h; path = TTTAttributedLabel.h; sourceTree = "<group>"; };
		6F7959D51EC2D83000A458AA /* TTTAttributedLabel.m */ = {isa = PBXFileReference; fileEncoding = 4; lastKnownFileType = sourcecode.c.objc; path = TTTAttributedLabel.m; sourceTree = "<group>"; };
		6F7959D61EC2D83000A458AA /* TuneViewController.h */ = {isa = PBXFileReference; fileEncoding = 4; lastKnownFileType = sourcecode.c.h; path = TuneViewController.h; sourceTree = "<group>"; };
		6F7959D71EC2D83000A458AA /* TuneViewController.m */ = {isa = PBXFileReference; fileEncoding = 4; lastKnownFileType = sourcecode.c.objc; path = TuneViewController.m; sourceTree = "<group>"; };
		6F7959D81EC2D83000A458AA /* WriteTagPopoverViewController.h */ = {isa = PBXFileReference; fileEncoding = 4; lastKnownFileType = sourcecode.c.h; path = WriteTagPopoverViewController.h; sourceTree = "<group>"; };
		6F7959D91EC2D83000A458AA /* WriteTagPopoverViewController.m */ = {isa = PBXFileReference; fileEncoding = 4; lastKnownFileType = sourcecode.c.objc; path = WriteTagPopoverViewController.m; sourceTree = "<group>"; };
		6F7959DA1EC2D83000A458AA /* WriteTagViewController.h */ = {isa = PBXFileReference; fileEncoding = 4; lastKnownFileType = sourcecode.c.h; path = WriteTagViewController.h; sourceTree = "<group>"; };
		6F7959DB1EC2D83000A458AA /* WriteTagViewController.m */ = {isa = PBXFileReference; fileEncoding = 4; lastKnownFileType = sourcecode.c.objc; path = WriteTagViewController.m; sourceTree = "<group>"; };
		6F795A0C1EC2D8FD00A458AA /* blep_100ms.wav */ = {isa = PBXFileReference; lastKnownFileType = audio.wav; path = blep_100ms.wav; sourceTree = "<group>"; };
		6F795A0D1EC2D8FD00A458AA /* blep_300ms.wav */ = {isa = PBXFileReference; lastKnownFileType = audio.wav; path = blep_300ms.wav; sourceTree = "<group>"; };
		6F795A0E1EC2D8FD00A458AA /* blep_40ms.wav */ = {isa = PBXFileReference; lastKnownFileType = audio.wav; path = blep_40ms.wav; sourceTree = "<group>"; };
		6F795A0F1EC2D8FD00A458AA /* blipblipblip.wav */ = {isa = PBXFileReference; lastKnownFileType = audio.wav; path = blipblipblip.wav; sourceTree = "<group>"; };
		6F795A151EC2D90E00A458AA /* QuickGuide.html */ = {isa = PBXFileReference; fileEncoding = 4; lastKnownFileType = text.html; path = QuickGuide.html; sourceTree = "<group>"; };
		6F795A1A1EC2D93C00A458AA /* Fabric.framework */ = {isa = PBXFileReference; lastKnownFileType = wrapper.framework; path = Fabric.framework; sourceTree = "<group>"; };
		6F795A1B1EC2D93C00A458AA /* Crashlytics.framework */ = {isa = PBXFileReference; lastKnownFileType = wrapper.framework; path = Crashlytics.framework; sourceTree = "<group>"; };
		6F795A1E1EC2D94600A458AA /* NurAPIBluetooth.framework */ = {isa = PBXFileReference; lastKnownFileType = wrapper.framework; path = NurAPIBluetooth.framework; sourceTree = "<group>"; };
		6F795A381EC2E60D00A458AA /* sv */ = {isa = PBXFileReference; lastKnownFileType = text.plist.strings; name = sv; path = sv.lproj/LaunchScreen.strings; sourceTree = "<group>"; };
		6F795A391EC2E60D00A458AA /* sv */ = {isa = PBXFileReference; lastKnownFileType = text.plist.strings; name = sv; path = sv.lproj/Main.strings; sourceTree = "<group>"; };
		6F795A3F1EC2FB8000A458AA /* sv */ = {isa = PBXFileReference; lastKnownFileType = text.plist.strings; name = sv; path = sv.lproj/InfoPlist.strings; sourceTree = "<group>"; };
		6F795A441EC2FB8100A458AA /* sv */ = {isa = PBXFileReference; lastKnownFileType = text.plist.strings; name = sv; path = sv.lproj/Localizable.strings; sourceTree = "<group>"; };
		6F795A461EC2FDBF00A458AA /* fa */ = {isa = PBXFileReference; lastKnownFileType = text.plist.strings; name = fa; path = fa.lproj/LaunchScreen.strings; sourceTree = "<group>"; };
		6F795A471EC2FDBF00A458AA /* fa */ = {isa = PBXFileReference; lastKnownFileType = text.plist.strings; name = fa; path = fa.lproj/Main.strings; sourceTree = "<group>"; };
		6F795A481EC2FDBF00A458AA /* fa */ = {isa = PBXFileReference; lastKnownFileType = text.plist.strings; name = fa; path = fa.lproj/Localizable.strings; sourceTree = "<group>"; };
		6F795A491EC2FDBF00A458AA /* fa */ = {isa = PBXFileReference; lastKnownFileType = text.plist.strings; name = fa; path = fa.lproj/InfoPlist.strings; sourceTree = "<group>"; };
		6F921BE71F862D2B0088AC3E /* FirmwareDownloader.h */ = {isa = PBXFileReference; lastKnownFileType = sourcecode.c.h; path = FirmwareDownloader.h; sourceTree = "<group>"; };
		6F921BE81F862D2B0088AC3E /* FirmwareDownloader.m */ = {isa = PBXFileReference; lastKnownFileType = sourcecode.c.objc; path = FirmwareDownloader.m; sourceTree = "<group>"; };
		6F921BEF1F87B7560088AC3E /* FirmwareSelectionViewController.h */ = {isa = PBXFileReference; lastKnownFileType = sourcecode.c.h; path = FirmwareSelectionViewController.h; sourceTree = "<group>"; };
		6F921BF01F87B7560088AC3E /* FirmwareSelectionViewController.m */ = {isa = PBXFileReference; lastKnownFileType = sourcecode.c.objc; path = FirmwareSelectionViewController.m; sourceTree = "<group>"; };
		6FAC4CF81F96118B0045DA7D /* Alien Technology Demo.app */ = {isa = PBXFileReference; explicitFileType = wrapper.application; includeInIndex = 0; path = "Alien Technology Demo.app"; sourceTree = BUILT_PRODUCTS_DIR; };
		6FBC8D881F9650E9005CC09F /* Info.plist */ = {isa = PBXFileReference; fileEncoding = 4; lastKnownFileType = text.plist.xml; path = Info.plist; sourceTree = "<group>"; };
		6FBC8D8E1F98A5A0005CC09F /* Theme.m */ = {isa = PBXFileReference; lastKnownFileType = sourcecode.c.objc; path = Theme.m; sourceTree = "<group>"; };
		6FBC8D901F98A81B005CC09F /* Theme.h */ = {isa = PBXFileReference; fileEncoding = 4; lastKnownFileType = sourcecode.c.h; path = Theme.h; sourceTree = "<group>"; };
		6FE7548E1F96398600CE8B66 /* Info.plist */ = {isa = PBXFileReference; fileEncoding = 4; lastKnownFileType = text.plist.xml; path = Info.plist; sourceTree = "<group>"; };
		6FE754901F96442400CE8B66 /* SharedAssets.xcassets */ = {isa = PBXFileReference; lastKnownFileType = folder.assetcatalog; path = SharedAssets.xcassets; sourceTree = "<group>"; };
		6FE7549A1F96484500CE8B66 /* TargetAssets.xcassets */ = {isa = PBXFileReference; lastKnownFileType = folder.assetcatalog; path = TargetAssets.xcassets; sourceTree = "<group>"; };
		6FED46DE1F99EA43009BB353 /* ReaderSettingsViewController.m */ = {isa = PBXFileReference; fileEncoding = 4; lastKnownFileType = sourcecode.c.objc; path = ReaderSettingsViewController.m; sourceTree = "<group>"; };
		6FED46DF1F99EA43009BB353 /* ReaderSettingsViewController.h */ = {isa = PBXFileReference; fileEncoding = 4; lastKnownFileType = sourcecode.c.h; path = ReaderSettingsViewController.h; sourceTree = "<group>"; };
/* End PBXFileReference section */

/* Begin PBXFrameworksBuildPhase section */
		6F79596E1EC2D77600A458AA /* Frameworks */ = {
			isa = PBXFrameworksBuildPhase;
			buildActionMask = 2147483647;
			files = (
			);
			runOnlyForDeploymentPostprocessing = 0;
		};
		6FAC4CE31F96118B0045DA7D /* Frameworks */ = {
			isa = PBXFrameworksBuildPhase;
			buildActionMask = 2147483647;
			files = (
			);
			runOnlyForDeploymentPostprocessing = 0;
		};
/* End PBXFrameworksBuildPhase section */

/* Begin PBXGroup section */
		6F7959681EC2D77600A458AA = {
			isa = PBXGroup;
			children = (
				6F795A191EC2D92C00A458AA /* Frameworks */,
				6F795A141EC2D90E00A458AA /* Quick Guide */,
				6F795A0B1EC2D8FD00A458AA /* Audio */,
				6F79598B1EC2D83000A458AA /* Source */,
				6F7959721EC2D77600A458AA /* Products */,
			);
			sourceTree = "<group>";
		};
		6F7959721EC2D77600A458AA /* Products */ = {
			isa = PBXGroup;
			children = (
				6F7959711EC2D77600A458AA /* Nordic ID RFID Demo.app */,
				6FAC4CF81F96118B0045DA7D /* Alien Technology Demo.app */,
			);
			name = Products;
			sourceTree = "<group>";
		};
		6F79598B1EC2D83000A458AA /* Source */ = {
			isa = PBXGroup;
			children = (
				6FBC8D901F98A81B005CC09F /* Theme.h */,
				6FAC4CFA1F96126B0045DA7D /* Targets */,
				6F795A451EC2FB8100A458AA /* Localizable.strings */,
				6F795A401EC2FB8000A458AA /* InfoPlist.strings */,
				6F795A071EC2D87800A458AA /* Info */,
				6F795A091EC2D8CC00A458AA /* Supporting Files */,
				6F795A081EC2D8B600A458AA /* Settings */,
				6F7959931EC2D83000A458AA /* AudioPlayer.h */,
				6F7959941EC2D83000A458AA /* AudioPlayer.m */,
				6F7959951EC2D83000A458AA /* AverageBuffer.h */,
				6F7959961EC2D83000A458AA /* AverageBuffer.m */,
				6F795A051EC2D84800A458AA /* Storyboards */,
				6F79599B1EC2D83000A458AA /* ConnectionManager.h */,
				6F79599C1EC2D83000A458AA /* ConnectionManager.m */,
				6F7959AC1EC2D83000A458AA /* InventoryViewController.h */,
				6F7959AD1EC2D83000A458AA /* InventoryViewController.m */,
				6F7959AF1EC2D83000A458AA /* LocateTagAntennaSelector.h */,
				6F7959B01EC2D83000A458AA /* LocateTagAntennaSelector.m */,
				6F7959B11EC2D83000A458AA /* LocateTagViewController.h */,
				6F7959B21EC2D83000A458AA /* LocateTagViewController.m */,
				6F7959B31EC2D83000A458AA /* LocateViewController.h */,
				6F7959B41EC2D83000A458AA /* LocateViewController.m */,
				6F7959B71EC2D83000A458AA /* MainMenuCell.h */,
				6F7959B81EC2D83000A458AA /* MainMenuCell.m */,
				6F7959B91EC2D83000A458AA /* MainMenuViewController.h */,
				6F7959BA1EC2D83000A458AA /* MainMenuViewController.m */,
				6F7959BD1EC2D83000A458AA /* ProgressView.h */,
				6F7959BE1EC2D83000A458AA /* ProgressView.m */,
				6F7959BF1EC2D83000A458AA /* QuickGuideViewController.h */,
				6F7959C01EC2D83000A458AA /* QuickGuideViewController.m */,
				6F7959C11EC2D83000A458AA /* ReadBarcodeViewController.h */,
				6F7959C21EC2D83000A458AA /* ReadBarcodeViewController.m */,
				6F7959C31EC2D83000A458AA /* SelectReaderViewController.h */,
				6F7959C41EC2D83000A458AA /* SelectReaderViewController.m */,
				6F7959CB1EC2D83000A458AA /* SmoothingBuffer.h */,
				6F7959CC1EC2D83000A458AA /* SmoothingBuffer.m */,
				6F795A0A1EC2D8DC00A458AA /* Tag */,
				6F7959D11EC2D83000A458AA /* TagViewController.h */,
				6F7959D21EC2D83000A458AA /* TagViewController.m */,
				6F7959D31EC2D83000A458AA /* TTTAttributedLabel */,
				6F7959D81EC2D83000A458AA /* WriteTagPopoverViewController.h */,
				6F7959D91EC2D83000A458AA /* WriteTagPopoverViewController.m */,
				6F7959DA1EC2D83000A458AA /* WriteTagViewController.h */,
				6F7959DB1EC2D83000A458AA /* WriteTagViewController.m */,
				6FE7549C1F96485200CE8B66 /* Assets */,
			);
			path = Source;
			sourceTree = "<group>";
		};
		6F7959D31EC2D83000A458AA /* TTTAttributedLabel */ = {
			isa = PBXGroup;
			children = (
				6F7959D41EC2D83000A458AA /* TTTAttributedLabel.h */,
				6F7959D51EC2D83000A458AA /* TTTAttributedLabel.m */,
			);
			path = TTTAttributedLabel;
			sourceTree = "<group>";
		};
		6F795A051EC2D84800A458AA /* Storyboards */ = {
			isa = PBXGroup;
			children = (
				6F7959971EC2D83000A458AA /* LaunchScreen.storyboard */,
				6F7959991EC2D83000A458AA /* Main.storyboard */,
				6F04D1661F8B96950064A229 /* FirmwareSectionHeader.xib */,
			);
			name = Storyboards;
			sourceTree = "<group>";
		};
		6F795A071EC2D87800A458AA /* Info */ = {
			isa = PBXGroup;
			children = (
				6F79598C1EC2D83000A458AA /* AboutViewController.h */,
				6F79598D1EC2D83000A458AA /* AboutViewController.m */,
				6F79599D1EC2D83000A458AA /* ContactViewController.h */,
				6F79599E1EC2D83000A458AA /* ContactViewController.m */,
				6F7959AA1EC2D83000A458AA /* InfoViewController.h */,
				6F7959AB1EC2D83000A458AA /* InfoViewController.m */,
			);
			name = Info;
			sourceTree = "<group>";
		};
		6F795A081EC2D8B600A458AA /* Settings */ = {
			isa = PBXGroup;
			children = (
				6F7959901EC2D83000A458AA /* ApplicationSettingsViewController.h */,
				6F7959911EC2D83000A458AA /* ApplicationSettingsViewController.m */,
				6F7959A11EC2D83000A458AA /* Firmware.h */,
				6F7959A21EC2D83000A458AA /* Firmware.m */,
				6F7959A31EC2D83000A458AA /* FirmwareCell.h */,
				6F7959A41EC2D83000A458AA /* FirmwareCell.m */,
				6F921BE71F862D2B0088AC3E /* FirmwareDownloader.h */,
				6F921BE81F862D2B0088AC3E /* FirmwareDownloader.m */,
				6F04D1621F8B7FAE0064A229 /* FirmwareSectionHeader.h */,
				6F04D1611F8B7FAD0064A229 /* FirmwareSectionHeader.m */,
				6F921BEF1F87B7560088AC3E /* FirmwareSelectionViewController.h */,
				6F921BF01F87B7560088AC3E /* FirmwareSelectionViewController.m */,
				6F7959A71EC2D83000A458AA /* FirmwareTypeViewController.h */,
				6F7959A81EC2D83000A458AA /* FirmwareTypeViewController.m */,
				6F7959BB1EC2D83000A458AA /* PerformUpdateViewController.h */,
				6F7959BC1EC2D83000A458AA /* PerformUpdateViewController.m */,
				6FED46DF1F99EA43009BB353 /* ReaderSettingsViewController.h */,
				6FED46DE1F99EA43009BB353 /* ReaderSettingsViewController.m */,
				6F7959C91EC2D83000A458AA /* RfidSettingsViewController.h */,
				6F7959CA1EC2D83000A458AA /* RfidSettingsViewController.m */,
				6F7959C51EC2D83000A458AA /* SelectSettingViewController.h */,
				6F7959C61EC2D83000A458AA /* SelectSettingViewController.m */,
				6F7959C71EC2D83000A458AA /* SettingsAlternative.h */,
				6F7959C81EC2D83000A458AA /* SettingsAlternative.m */,
				6F7959D61EC2D83000A458AA /* TuneViewController.h */,
				6F7959D71EC2D83000A458AA /* TuneViewController.m */,
			);
			name = Settings;
			sourceTree = "<group>";
		};
		6F795A091EC2D8CC00A458AA /* Supporting Files */ = {
			isa = PBXGroup;
			children = (
				6F7959A91EC2D83000A458AA /* Info.plist */,
				6F79598E1EC2D83000A458AA /* AppDelegate.h */,
				6F79598F1EC2D83000A458AA /* AppDelegate.m */,
				6F7959B51EC2D83000A458AA /* main.m */,
			);
			name = "Supporting Files";
			sourceTree = "<group>";
		};
		6F795A0A1EC2D8DC00A458AA /* Tag */ = {
			isa = PBXGroup;
			children = (
				6F7959CD1EC2D83000A458AA /* Tag.h */,
				6F7959CE1EC2D83000A458AA /* Tag.m */,
				6F7959CF1EC2D83000A458AA /* TagManager.h */,
				6F7959D01EC2D83000A458AA /* TagManager.m */,
			);
			name = Tag;
			sourceTree = "<group>";
		};
		6F795A0B1EC2D8FD00A458AA /* Audio */ = {
			isa = PBXGroup;
			children = (
				6F795A0C1EC2D8FD00A458AA /* blep_100ms.wav */,
				6F795A0D1EC2D8FD00A458AA /* blep_300ms.wav */,
				6F795A0E1EC2D8FD00A458AA /* blep_40ms.wav */,
				6F795A0F1EC2D8FD00A458AA /* blipblipblip.wav */,
			);
			path = Audio;
			sourceTree = "<group>";
		};
		6F795A141EC2D90E00A458AA /* Quick Guide */ = {
			isa = PBXGroup;
			children = (
				6F795A151EC2D90E00A458AA /* QuickGuide.html */,
			);
			path = "Quick Guide";
			sourceTree = "<group>";
		};
		6F795A191EC2D92C00A458AA /* Frameworks */ = {
			isa = PBXGroup;
			children = (
				6F795A1E1EC2D94600A458AA /* NurAPIBluetooth.framework */,
				6F795A1A1EC2D93C00A458AA /* Fabric.framework */,
				6F795A1B1EC2D93C00A458AA /* Crashlytics.framework */,
			);
			name = Frameworks;
			sourceTree = "<group>";
		};
		6FAC4CFA1F96126B0045DA7D /* Targets */ = {
			isa = PBXGroup;
			children = (
				6FBC8D861F9650E9005CC09F /* Alien Technology Demo */,
				6FAC4CFD1F96126B0045DA7D /* Nordic ID RFID Demo */,
			);
			path = Targets;
			sourceTree = "<group>";
		};
		6FAC4CFD1F96126B0045DA7D /* Nordic ID RFID Demo */ = {
			isa = PBXGroup;
			children = (
				6FE7548E1F96398600CE8B66 /* Info.plist */,
				6FBC8D8E1F98A5A0005CC09F /* Theme.m */,
			);
			path = "Nordic ID RFID Demo";
			sourceTree = "<group>";
		};
		6FBC8D861F9650E9005CC09F /* Alien Technology Demo */ = {
			isa = PBXGroup;
			children = (
				6FBC8D881F9650E9005CC09F /* Info.plist */,
			);
			path = "Alien Technology Demo";
			sourceTree = "<group>";
		};
		6FE7549C1F96485200CE8B66 /* Assets */ = {
			isa = PBXGroup;
			children = (
				6FE754901F96442400CE8B66 /* SharedAssets.xcassets */,
				6FE7549A1F96484500CE8B66 /* TargetAssets.xcassets */,
			);
			name = Assets;
			sourceTree = "<group>";
		};
/* End PBXGroup section */

/* Begin PBXNativeTarget section */
		6F7959701EC2D77600A458AA /* Nordic ID RFID Demo */ = {
			isa = PBXNativeTarget;
			buildConfigurationList = 6F7959881EC2D77700A458AA /* Build configuration list for PBXNativeTarget "Nordic ID RFID Demo" */;
			buildPhases = (
				6FE7549D1F9648AE00CE8B66 /* Copy Target Specific Assets */,
				6F79596D1EC2D77600A458AA /* Sources */,
				6F79596E1EC2D77600A458AA /* Frameworks */,
				6F795A231EC2DA6A00A458AA /* ShellScript */,
				6F79596F1EC2D77600A458AA /* Resources */,
				6F795A221EC2D94E00A458AA /* Embed Frameworks */,
				6F795A241EC2DAED00A458AA /* ShellScript */,
			);
			buildRules = (
			);
			dependencies = (
			);
			name = "Nordic ID RFID Demo";
			productName = "Nordic ID RFID Demo";
			productReference = 6F7959711EC2D77600A458AA /* Nordic ID RFID Demo.app */;
			productType = "com.apple.product-type.application";
		};
		6FAC4CBC1F96118B0045DA7D /* Alien Technology Demo */ = {
			isa = PBXNativeTarget;
			buildConfigurationList = 6FAC4CF51F96118B0045DA7D /* Build configuration list for PBXNativeTarget "Alien Technology Demo" */;
			buildPhases = (
				6FBC8D8B1F9651B6005CC09F /* Copy Target Specific Assets */,
				6FAC4CBD1F96118B0045DA7D /* Sources */,
				6FAC4CE31F96118B0045DA7D /* Frameworks */,
				6FAC4CE41F96118B0045DA7D /* ShellScript */,
				6FAC4CE51F96118B0045DA7D /* Resources */,
				6FAC4CF21F96118B0045DA7D /* Embed Frameworks */,
				6FAC4CF41F96118B0045DA7D /* ShellScript */,
			);
			buildRules = (
			);
			dependencies = (
			);
			name = "Alien Technology Demo";
			productName = "Nordic ID RFID Demo";
			productReference = 6FAC4CF81F96118B0045DA7D /* Alien Technology Demo.app */;
			productType = "com.apple.product-type.application";
		};
/* End PBXNativeTarget section */

/* Begin PBXProject section */
		6F7959691EC2D77600A458AA /* Project object */ = {
			isa = PBXProject;
			attributes = {
				LastUpgradeCheck = 0900;
				ORGANIZATIONNAME = "Jan Ekholm";
				TargetAttributes = {
					6F7959701EC2D77600A458AA = {
						CreatedOnToolsVersion = 8.3.2;
						DevelopmentTeam = VGSJJLLG7M;
						ProvisioningStyle = Automatic;
					};
					6FAC4CBC1F96118B0045DA7D = {
						DevelopmentTeam = VGSJJLLG7M;
					};
				};
			};
			buildConfigurationList = 6F79596C1EC2D77600A458AA /* Build configuration list for PBXProject "Nordic ID RFID Demo" */;
			compatibilityVersion = "Xcode 3.2";
			developmentRegion = English;
			hasScannedForEncodings = 0;
			knownRegions = (
				en,
				Base,
				fa,
			);
			mainGroup = 6F7959681EC2D77600A458AA;
			productRefGroup = 6F7959721EC2D77600A458AA /* Products */;
			projectDirPath = "";
			projectRoot = "";
			targets = (
				6F7959701EC2D77600A458AA /* Nordic ID RFID Demo */,
				6FAC4CBC1F96118B0045DA7D /* Alien Technology Demo */,
			);
		};
/* End PBXProject section */

/* Begin PBXResourcesBuildPhase section */
		6F79596F1EC2D77600A458AA /* Resources */ = {
			isa = PBXResourcesBuildPhase;
			buildActionMask = 2147483647;
			files = (
				6F795A131EC2D8FD00A458AA /* blipblipblip.wav in Resources */,
				6F795A431EC2FB8100A458AA /* Localizable.strings in Resources */,
				6F795A171EC2D90E00A458AA /* QuickGuide.html in Resources */,
				6FE7549B1F96484500CE8B66 /* TargetAssets.xcassets in Resources */,
				6F795A101EC2D8FD00A458AA /* blep_100ms.wav in Resources */,
				6F795A3B1EC2F8C000A458AA /* LaunchScreen.storyboard in Resources */,
				6F04D1671F8B96950064A229 /* FirmwareSectionHeader.xib in Resources */,
				6F795A3A1EC2F8BB00A458AA /* Main.storyboard in Resources */,
				6F795A121EC2D8FD00A458AA /* blep_40ms.wav in Resources */,
				6FE754911F96442400CE8B66 /* SharedAssets.xcassets in Resources */,
				6F795A3E1EC2FB8000A458AA /* InfoPlist.strings in Resources */,
				6F795A111EC2D8FD00A458AA /* blep_300ms.wav in Resources */,
			);
			runOnlyForDeploymentPostprocessing = 0;
		};
		6FAC4CE51F96118B0045DA7D /* Resources */ = {
			isa = PBXResourcesBuildPhase;
			buildActionMask = 2147483647;
			files = (
				6FAC4CE61F96118B0045DA7D /* blipblipblip.wav in Resources */,
				6FAC4CE71F96118B0045DA7D /* Localizable.strings in Resources */,
				6FAC4CE81F96118B0045DA7D /* QuickGuide.html in Resources */,
				6FAC4CE91F96118B0045DA7D /* blep_100ms.wav in Resources */,
				6FAC4CEA1F96118B0045DA7D /* LaunchScreen.storyboard in Resources */,
				6FAC4CEB1F96118B0045DA7D /* FirmwareSectionHeader.xib in Resources */,
				6FAC4CEE1F96118B0045DA7D /* Main.storyboard in Resources */,
				6FAC4CEF1F96118B0045DA7D /* blep_40ms.wav in Resources */,
				6FE754921F96444B00CE8B66 /* SharedAssets.xcassets in Resources */,
				6FAC4CF11F96118B0045DA7D /* blep_300ms.wav in Resources */,
				6FBC8D8C1F965241005CC09F /* TargetAssets.xcassets in Resources */,
			);
			runOnlyForDeploymentPostprocessing = 0;
		};
/* End PBXResourcesBuildPhase section */

/* Begin PBXShellScriptBuildPhase section */
		6F795A231EC2DA6A00A458AA /* ShellScript */ = {
			isa = PBXShellScriptBuildPhase;
			buildActionMask = 2147483647;
			files = (
			);
			inputPaths = (
			);
			outputPaths = (
			);
			runOnlyForDeploymentPostprocessing = 0;
			shellPath = /bin/sh;
			shellScript = "./AutoIncrementCFBundleVersion.sh\n";
		};
		6F795A241EC2DAED00A458AA /* ShellScript */ = {
			isa = PBXShellScriptBuildPhase;
			buildActionMask = 2147483647;
			files = (
			);
			inputPaths = (
			);
			outputPaths = (
			);
			runOnlyForDeploymentPostprocessing = 0;
			shellPath = /bin/sh;
			shellScript = "APP_PATH=\"${TARGET_BUILD_DIR}/${WRAPPER_NAME}\"\n\n# This script loops through the frameworks embedded in the application and\n# removes unused architectures.\nfind \"$APP_PATH\" -name '*.framework' -type d | while read -r FRAMEWORK\ndo\nFRAMEWORK_EXECUTABLE_NAME=$(defaults read \"$FRAMEWORK/Info.plist\" CFBundleExecutable)\nFRAMEWORK_EXECUTABLE_PATH=\"$FRAMEWORK/$FRAMEWORK_EXECUTABLE_NAME\"\necho \"Executable is $FRAMEWORK_EXECUTABLE_PATH\"\n\nEXTRACTED_ARCHS=()\n\nfor ARCH in $ARCHS\ndo\necho \"Extracting $ARCH from $FRAMEWORK_EXECUTABLE_NAME\"\nlipo -extract \"$ARCH\" \"$FRAMEWORK_EXECUTABLE_PATH\" -o \"$FRAMEWORK_EXECUTABLE_PATH-$ARCH\"\nEXTRACTED_ARCHS+=(\"$FRAMEWORK_EXECUTABLE_PATH-$ARCH\")\ndone\n\necho \"Merging extracted architectures: ${ARCHS}\"\nlipo -o \"$FRAMEWORK_EXECUTABLE_PATH-merged\" -create \"${EXTRACTED_ARCHS[@]}\"\nrm \"${EXTRACTED_ARCHS[@]}\"\n\necho \"Replacing original executable with thinned version\"\nrm \"$FRAMEWORK_EXECUTABLE_PATH\"\nmv \"$FRAMEWORK_EXECUTABLE_PATH-merged\" \"$FRAMEWORK_EXECUTABLE_PATH\"\n\ndone\n";
		};
		6FAC4CE41F96118B0045DA7D /* ShellScript */ = {
			isa = PBXShellScriptBuildPhase;
			buildActionMask = 2147483647;
			files = (
			);
			inputPaths = (
			);
			outputPaths = (
			);
			runOnlyForDeploymentPostprocessing = 0;
			shellPath = /bin/sh;
			shellScript = "./AutoIncrementCFBundleVersion.sh\n";
		};
		6FAC4CF41F96118B0045DA7D /* ShellScript */ = {
			isa = PBXShellScriptBuildPhase;
			buildActionMask = 2147483647;
			files = (
			);
			inputPaths = (
			);
			outputPaths = (
			);
			runOnlyForDeploymentPostprocessing = 0;
			shellPath = /bin/sh;
			shellScript = "APP_PATH=\"${TARGET_BUILD_DIR}/${WRAPPER_NAME}\"\n\n# This script loops through the frameworks embedded in the application and\n# removes unused architectures.\nfind \"$APP_PATH\" -name '*.framework' -type d | while read -r FRAMEWORK\ndo\nFRAMEWORK_EXECUTABLE_NAME=$(defaults read \"$FRAMEWORK/Info.plist\" CFBundleExecutable)\nFRAMEWORK_EXECUTABLE_PATH=\"$FRAMEWORK/$FRAMEWORK_EXECUTABLE_NAME\"\necho \"Executable is $FRAMEWORK_EXECUTABLE_PATH\"\n\nEXTRACTED_ARCHS=()\n\nfor ARCH in $ARCHS\ndo\necho \"Extracting $ARCH from $FRAMEWORK_EXECUTABLE_NAME\"\nlipo -extract \"$ARCH\" \"$FRAMEWORK_EXECUTABLE_PATH\" -o \"$FRAMEWORK_EXECUTABLE_PATH-$ARCH\"\nEXTRACTED_ARCHS+=(\"$FRAMEWORK_EXECUTABLE_PATH-$ARCH\")\ndone\n\necho \"Merging extracted architectures: ${ARCHS}\"\nlipo -o \"$FRAMEWORK_EXECUTABLE_PATH-merged\" -create \"${EXTRACTED_ARCHS[@]}\"\nrm \"${EXTRACTED_ARCHS[@]}\"\n\necho \"Replacing original executable with thinned version\"\nrm \"$FRAMEWORK_EXECUTABLE_PATH\"\nmv \"$FRAMEWORK_EXECUTABLE_PATH-merged\" \"$FRAMEWORK_EXECUTABLE_PATH\"\n\ndone\n";
		};
		6FBC8D8B1F9651B6005CC09F /* Copy Target Specific Assets */ = {
			isa = PBXShellScriptBuildPhase;
			buildActionMask = 2147483647;
			files = (
			);
			inputPaths = (
			);
			name = "Copy Target Specific Assets";
			outputPaths = (
			);
			runOnlyForDeploymentPostprocessing = 0;
			shellPath = /bin/sh;
			shellScript = "echo \"Handling Assets\"\n\nxcassetsFile=\"${PROJECT_DIR}/Source/TargetAssets.xcassets\"\nappSpecificXcassetsFile=\"${PROJECT_DIR}/Source/Targets/${TARGET_NAME}/Assets.xcassets\"\n\nif [ -d \"$appSpecificXcassetsFile\" ] ; then\n\necho \"Removing existing xcassets folder: $xcassetsFile\"\nrm -rf \"$xcassetsFile\"\n\necho \"Copying target assets folder: $appSpecificXcassetsFile\"\ncp -r \"$appSpecificXcassetsFile\" \"$xcassetsFile\"\n\ntouch \"$xcassetsFile\"\nfi\n";
		};
		6FE7549D1F9648AE00CE8B66 /* Copy Target Specific Assets */ = {
			isa = PBXShellScriptBuildPhase;
			buildActionMask = 2147483647;
			files = (
			);
			inputPaths = (
			);
			name = "Copy Target Specific Assets";
			outputPaths = (
			);
			runOnlyForDeploymentPostprocessing = 0;
			shellPath = /bin/sh;
			shellScript = "echo \"Handling Assets\"\n\nxcassetsFile=\"${PROJECT_DIR}/Source/TargetAssets.xcassets\"\nappSpecificXcassetsFile=\"${PROJECT_DIR}/Source/Targets/${TARGET_NAME}/Assets.xcassets\"\n\nif [ -d \"$appSpecificXcassetsFile\" ] ; then\n\n    echo \"Removing existing xcassets folder: $xcassetsFile\"\n    rm -rf \"$xcassetsFile\"\n\n    echo \"Copying target assets folder: $appSpecificXcassetsFile\"\n    cp -r \"$appSpecificXcassetsFile\" \"$xcassetsFile\"\n\n    touch \"$xcassetsFile\"\nfi\n";
		};
/* End PBXShellScriptBuildPhase section */

/* Begin PBXSourcesBuildPhase section */
		6F79596D1EC2D77600A458AA /* Sources */ = {
			isa = PBXSourcesBuildPhase;
			buildActionMask = 2147483647;
			files = (
				6F7959E51EC2D83000A458AA /* ContactViewController.m in Sources */,
				6F7959F91EC2D83000A458AA /* SelectReaderViewController.m in Sources */,
				6F7959E11EC2D83000A458AA /* AverageBuffer.m in Sources */,
				6F795A011EC2D83000A458AA /* TTTAttributedLabel.m in Sources */,
				6F7959FC1EC2D83000A458AA /* RfidSettingsViewController.m in Sources */,
				6F7959EC1EC2D83000A458AA /* InventoryViewController.m in Sources */,
				6F7959EB1EC2D83000A458AA /* InfoViewController.m in Sources */,
				6F7959FB1EC2D83000A458AA /* SettingsAlternative.m in Sources */,
				6F7959F61EC2D83000A458AA /* ProgressView.m in Sources */,
				6F7959FA1EC2D83000A458AA /* SelectSettingViewController.m in Sources */,
				6F7959F51EC2D83000A458AA /* PerformUpdateViewController.m in Sources */,
				6F7959F41EC2D83000A458AA /* MainMenuViewController.m in Sources */,
				6F7959E61EC2D83000A458AA /* Firmware.m in Sources */,
				6F7959DE1EC2D83000A458AA /* ApplicationSettingsViewController.m in Sources */,
				6F7959DD1EC2D83000A458AA /* AppDelegate.m in Sources */,
				6F7959F71EC2D83000A458AA /* QuickGuideViewController.m in Sources */,
				6F7959F01EC2D83000A458AA /* LocateViewController.m in Sources */,
				6F7959E91EC2D83000A458AA /* FirmwareTypeViewController.m in Sources */,
				6FED46E01F99EA43009BB353 /* ReaderSettingsViewController.m in Sources */,
				6F921BF11F87B7560088AC3E /* FirmwareSelectionViewController.m in Sources */,
				6F04D1631F8B7FAE0064A229 /* FirmwareSectionHeader.m in Sources */,
				6F795A031EC2D83000A458AA /* WriteTagPopoverViewController.m in Sources */,
				6F7959E71EC2D83000A458AA /* FirmwareCell.m in Sources */,
				6F795A041EC2D83000A458AA /* WriteTagViewController.m in Sources */,
				6F7959EF1EC2D83000A458AA /* LocateTagViewController.m in Sources */,
				6F7959FE1EC2D83000A458AA /* Tag.m in Sources */,
				6F7959F11EC2D83000A458AA /* main.m in Sources */,
				6F7959E41EC2D83000A458AA /* ConnectionManager.m in Sources */,
				6F7959FD1EC2D83000A458AA /* SmoothingBuffer.m in Sources */,
				6F921BE91F862D2C0088AC3E /* FirmwareDownloader.m in Sources */,
				6F7959DC1EC2D83000A458AA /* AboutViewController.m in Sources */,
				6F7959F31EC2D83000A458AA /* MainMenuCell.m in Sources */,
				6F7959E01EC2D83000A458AA /* AudioPlayer.m in Sources */,
				6F7959F81EC2D83000A458AA /* ReadBarcodeViewController.m in Sources */,
				6FBC8D8F1F98A5A0005CC09F /* Theme.m in Sources */,
				6F795A001EC2D83000A458AA /* TagViewController.m in Sources */,
				6F7959FF1EC2D83000A458AA /* TagManager.m in Sources */,
				6F7959EE1EC2D83000A458AA /* LocateTagAntennaSelector.m in Sources */,
				6F795A021EC2D83000A458AA /* TuneViewController.m in Sources */,
			);
			runOnlyForDeploymentPostprocessing = 0;
		};
		6FAC4CBD1F96118B0045DA7D /* Sources */ = {
			isa = PBXSourcesBuildPhase;
			buildActionMask = 2147483647;
			files = (
				6FAC4CBE1F96118B0045DA7D /* ContactViewController.m in Sources */,
				6FAC4CBF1F96118B0045DA7D /* SelectReaderViewController.m in Sources */,
				6FAC4CC01F96118B0045DA7D /* AverageBuffer.m in Sources */,
				6FAC4CC11F96118B0045DA7D /* TTTAttributedLabel.m in Sources */,
				6FAC4CC21F96118B0045DA7D /* RfidSettingsViewController.m in Sources */,
				6FAC4CC31F96118B0045DA7D /* InventoryViewController.m in Sources */,
				6FAC4CC41F96118B0045DA7D /* InfoViewController.m in Sources */,
				6FAC4CC51F96118B0045DA7D /* SettingsAlternative.m in Sources */,
				6FAC4CC61F96118B0045DA7D /* ProgressView.m in Sources */,
				6FAC4CC71F96118B0045DA7D /* SelectSettingViewController.m in Sources */,
				6FAC4CC81F96118B0045DA7D /* PerformUpdateViewController.m in Sources */,
				6FAC4CC91F96118B0045DA7D /* MainMenuViewController.m in Sources */,
				6FAC4CCA1F96118B0045DA7D /* Firmware.m in Sources */,
				6FAC4CCB1F96118B0045DA7D /* ApplicationSettingsViewController.m in Sources */,
				6FAC4CCC1F96118B0045DA7D /* AppDelegate.m in Sources */,
				6FAC4CCD1F96118B0045DA7D /* QuickGuideViewController.m in Sources */,
				6FAC4CCE1F96118B0045DA7D /* LocateViewController.m in Sources */,
				6FAC4CCF1F96118B0045DA7D /* FirmwareTypeViewController.m in Sources */,
				6FAC4CD01F96118B0045DA7D /* FirmwareSelectionViewController.m in Sources */,
				6FAC4CD11F96118B0045DA7D /* FirmwareSectionHeader.m in Sources */,
				6FAC4CD21F96118B0045DA7D /* WriteTagPopoverViewController.m in Sources */,
				6FAC4CD31F96118B0045DA7D /* FirmwareCell.m in Sources */,
				6FAC4CD41F96118B0045DA7D /* WriteTagViewController.m in Sources */,
				6FAC4CD51F96118B0045DA7D /* LocateTagViewController.m in Sources */,
				6FAC4CD61F96118B0045DA7D /* Tag.m in Sources */,
				6FAC4CD71F96118B0045DA7D /* main.m in Sources */,
				6FAC4CD81F96118B0045DA7D /* ConnectionManager.m in Sources */,
				6FAC4CD91F96118B0045DA7D /* SmoothingBuffer.m in Sources */,
				6FAC4CDA1F96118B0045DA7D /* FirmwareDownloader.m in Sources */,
				6FAC4CDB1F96118B0045DA7D /* AboutViewController.m in Sources */,
				6FAC4CDC1F96118B0045DA7D /* MainMenuCell.m in Sources */,
				6FAC4CDD1F96118B0045DA7D /* AudioPlayer.m in Sources */,
				6FAC4CDE1F96118B0045DA7D /* ReadBarcodeViewController.m in Sources */,
				6FAC4CDF1F96118B0045DA7D /* TagViewController.m in Sources */,
				6FAC4CE01F96118B0045DA7D /* TagManager.m in Sources */,
				6FAC4CE11F96118B0045DA7D /* LocateTagAntennaSelector.m in Sources */,
				6FAC4CE21F96118B0045DA7D /* TuneViewController.m in Sources */,
			);
			runOnlyForDeploymentPostprocessing = 0;
		};
/* End PBXSourcesBuildPhase section */

/* Begin PBXVariantGroup section */
		6F7959971EC2D83000A458AA /* LaunchScreen.storyboard */ = {
			isa = PBXVariantGroup;
			children = (
				6F7959981EC2D83000A458AA /* Base */,
				6F79599F1EC2D83000A458AA /* en */,
				6F795A381EC2E60D00A458AA /* sv */,
				6F795A461EC2FDBF00A458AA /* fa */,
			);
			name = LaunchScreen.storyboard;
			sourceTree = "<group>";
		};
		6F7959991EC2D83000A458AA /* Main.storyboard */ = {
			isa = PBXVariantGroup;
			children = (
				6F79599A1EC2D83000A458AA /* Base */,
				6F7959A01EC2D83000A458AA /* en */,
				6F795A391EC2E60D00A458AA /* sv */,
				6F795A471EC2FDBF00A458AA /* fa */,
			);
			name = Main.storyboard;
			sourceTree = "<group>";
		};
		6F795A401EC2FB8000A458AA /* InfoPlist.strings */ = {
			isa = PBXVariantGroup;
			children = (
				6F795A3F1EC2FB8000A458AA /* sv */,
				6F795A491EC2FDBF00A458AA /* fa */,
			);
			name = InfoPlist.strings;
			sourceTree = "<group>";
		};
		6F795A451EC2FB8100A458AA /* Localizable.strings */ = {
			isa = PBXVariantGroup;
			children = (
				6F795A441EC2FB8100A458AA /* sv */,
				6F795A481EC2FDBF00A458AA /* fa */,
			);
			name = Localizable.strings;
			sourceTree = "<group>";
		};
/* End PBXVariantGroup section */

/* Begin XCBuildConfiguration section */
		6F7959861EC2D77700A458AA /* Debug */ = {
			isa = XCBuildConfiguration;
			buildSettings = {
				ALWAYS_SEARCH_USER_PATHS = NO;
				CLANG_ANALYZER_LOCALIZABILITY_NONLOCALIZED = YES;
				CLANG_ANALYZER_NONNULL = YES;
				CLANG_ANALYZER_NUMBER_OBJECT_CONVERSION = YES_AGGRESSIVE;
				CLANG_CXX_LANGUAGE_STANDARD = "gnu++0x";
				CLANG_CXX_LIBRARY = "libc++";
				CLANG_ENABLE_MODULES = YES;
				CLANG_ENABLE_OBJC_ARC = YES;
				CLANG_WARN_BLOCK_CAPTURE_AUTORELEASING = YES;
				CLANG_WARN_BOOL_CONVERSION = YES;
				CLANG_WARN_COMMA = YES;
				CLANG_WARN_CONSTANT_CONVERSION = YES;
				CLANG_WARN_DIRECT_OBJC_ISA_USAGE = YES_ERROR;
				CLANG_WARN_DOCUMENTATION_COMMENTS = YES;
				CLANG_WARN_EMPTY_BODY = YES;
				CLANG_WARN_ENUM_CONVERSION = YES;
				CLANG_WARN_INFINITE_RECURSION = YES;
				CLANG_WARN_INT_CONVERSION = YES;
				CLANG_WARN_NON_LITERAL_NULL_CONVERSION = YES;
				CLANG_WARN_OBJC_LITERAL_CONVERSION = YES;
				CLANG_WARN_OBJC_ROOT_CLASS = YES_ERROR;
				CLANG_WARN_RANGE_LOOP_ANALYSIS = YES;
				CLANG_WARN_STRICT_PROTOTYPES = YES;
				CLANG_WARN_SUSPICIOUS_MOVE = YES;
				CLANG_WARN_UNREACHABLE_CODE = YES;
				CLANG_WARN__DUPLICATE_METHOD_MATCH = YES;
				"CODE_SIGN_IDENTITY[sdk=iphoneos*]" = "iPhone Developer";
				COPY_PHASE_STRIP = NO;
				DEBUG_INFORMATION_FORMAT = dwarf;
				ENABLE_STRICT_OBJC_MSGSEND = YES;
				ENABLE_TESTABILITY = YES;
				GCC_C_LANGUAGE_STANDARD = gnu99;
				GCC_DYNAMIC_NO_PIC = NO;
				GCC_NO_COMMON_BLOCKS = YES;
				GCC_OPTIMIZATION_LEVEL = 0;
				GCC_PREPROCESSOR_DEFINITIONS = (
					"DEBUG=1",
					"$(inherited)",
				);
				GCC_WARN_64_TO_32_BIT_CONVERSION = YES;
				GCC_WARN_ABOUT_RETURN_TYPE = YES_ERROR;
				GCC_WARN_UNDECLARED_SELECTOR = YES;
				GCC_WARN_UNINITIALIZED_AUTOS = YES_AGGRESSIVE;
				GCC_WARN_UNUSED_FUNCTION = YES;
				GCC_WARN_UNUSED_VARIABLE = YES;
				IPHONEOS_DEPLOYMENT_TARGET = 10.3;
				MTL_ENABLE_DEBUG_INFO = YES;
				ONLY_ACTIVE_ARCH = YES;
				SDKROOT = iphoneos;
				TARGETED_DEVICE_FAMILY = "1,2";
			};
			name = Debug;
		};
		6F7959871EC2D77700A458AA /* Release */ = {
			isa = XCBuildConfiguration;
			buildSettings = {
				ALWAYS_SEARCH_USER_PATHS = NO;
				CLANG_ANALYZER_LOCALIZABILITY_NONLOCALIZED = YES;
				CLANG_ANALYZER_NONNULL = YES;
				CLANG_ANALYZER_NUMBER_OBJECT_CONVERSION = YES_AGGRESSIVE;
				CLANG_CXX_LANGUAGE_STANDARD = "gnu++0x";
				CLANG_CXX_LIBRARY = "libc++";
				CLANG_ENABLE_MODULES = YES;
				CLANG_ENABLE_OBJC_ARC = YES;
				CLANG_WARN_BLOCK_CAPTURE_AUTORELEASING = YES;
				CLANG_WARN_BOOL_CONVERSION = YES;
				CLANG_WARN_COMMA = YES;
				CLANG_WARN_CONSTANT_CONVERSION = YES;
				CLANG_WARN_DIRECT_OBJC_ISA_USAGE = YES_ERROR;
				CLANG_WARN_DOCUMENTATION_COMMENTS = YES;
				CLANG_WARN_EMPTY_BODY = YES;
				CLANG_WARN_ENUM_CONVERSION = YES;
				CLANG_WARN_INFINITE_RECURSION = YES;
				CLANG_WARN_INT_CONVERSION = YES;
				CLANG_WARN_NON_LITERAL_NULL_CONVERSION = YES;
				CLANG_WARN_OBJC_LITERAL_CONVERSION = YES;
				CLANG_WARN_OBJC_ROOT_CLASS = YES_ERROR;
				CLANG_WARN_RANGE_LOOP_ANALYSIS = YES;
				CLANG_WARN_STRICT_PROTOTYPES = YES;
				CLANG_WARN_SUSPICIOUS_MOVE = YES;
				CLANG_WARN_UNREACHABLE_CODE = YES;
				CLANG_WARN__DUPLICATE_METHOD_MATCH = YES;
				"CODE_SIGN_IDENTITY[sdk=iphoneos*]" = "iPhone Developer";
				COPY_PHASE_STRIP = NO;
				DEBUG_INFORMATION_FORMAT = "dwarf-with-dsym";
				ENABLE_NS_ASSERTIONS = NO;
				ENABLE_STRICT_OBJC_MSGSEND = YES;
				GCC_C_LANGUAGE_STANDARD = gnu99;
				GCC_NO_COMMON_BLOCKS = YES;
				GCC_WARN_64_TO_32_BIT_CONVERSION = YES;
				GCC_WARN_ABOUT_RETURN_TYPE = YES_ERROR;
				GCC_WARN_UNDECLARED_SELECTOR = YES;
				GCC_WARN_UNINITIALIZED_AUTOS = YES_AGGRESSIVE;
				GCC_WARN_UNUSED_FUNCTION = YES;
				GCC_WARN_UNUSED_VARIABLE = YES;
				IPHONEOS_DEPLOYMENT_TARGET = 10.3;
				MTL_ENABLE_DEBUG_INFO = NO;
				SDKROOT = iphoneos;
				TARGETED_DEVICE_FAMILY = "1,2";
				VALIDATE_PRODUCT = YES;
			};
			name = Release;
		};
		6F7959891EC2D77700A458AA /* Debug */ = {
			isa = XCBuildConfiguration;
			buildSettings = {
				ASSETCATALOG_COMPILER_APPICON_NAME = AppIcon;
				DEVELOPMENT_TEAM = VGSJJLLG7M;
				ENABLE_BITCODE = NO;
				FRAMEWORK_SEARCH_PATHS = (
					"$(inherited)",
					"$(PROJECT_DIR)",
				);
				INFOPLIST_FILE = "$(SRCROOT)/Source/Targets/Nordic ID RFID Demo/Info.plist";
				IPHONEOS_DEPLOYMENT_TARGET = 9.0;
				LD_RUNPATH_SEARCH_PATHS = "$(inherited) @executable_path/Frameworks";
				PRODUCT_BUNDLE_IDENTIFIER = com.nordicid.nurapi.objectivecdemo;
				PRODUCT_NAME = "$(TARGET_NAME)";
			};
			name = Debug;
		};
		6F79598A1EC2D77700A458AA /* Release */ = {
			isa = XCBuildConfiguration;
			buildSettings = {
				ASSETCATALOG_COMPILER_APPICON_NAME = AppIcon;
				DEVELOPMENT_TEAM = VGSJJLLG7M;
				ENABLE_BITCODE = NO;
				FRAMEWORK_SEARCH_PATHS = (
					"$(inherited)",
					"$(PROJECT_DIR)",
				);
				INFOPLIST_FILE = "$(SRCROOT)/Source/Targets/Nordic ID RFID Demo/Info.plist";
				IPHONEOS_DEPLOYMENT_TARGET = 9.0;
				LD_RUNPATH_SEARCH_PATHS = "$(inherited) @executable_path/Frameworks";
				PRODUCT_BUNDLE_IDENTIFIER = com.nordicid.nurapi.objectivecdemo;
				PRODUCT_NAME = "$(TARGET_NAME)";
			};
			name = Release;
		};
		6FAC4CF61F96118B0045DA7D /* Debug */ = {
			isa = XCBuildConfiguration;
			buildSettings = {
				ASSETCATALOG_COMPILER_APPICON_NAME = AppIcon;
				DEVELOPMENT_TEAM = VGSJJLLG7M;
				ENABLE_BITCODE = NO;
				FRAMEWORK_SEARCH_PATHS = (
					"$(inherited)",
					"$(PROJECT_DIR)",
				);
				INFOPLIST_FILE = "$(SRCROOT)/Source/Targets/Alien Technology Demo/Info.plist";
				IPHONEOS_DEPLOYMENT_TARGET = 9.0;
				LD_RUNPATH_SEARCH_PATHS = "$(inherited) @executable_path/Frameworks";
				PRODUCT_BUNDLE_IDENTIFIER = com.nordicid.alientechnologydemo;
				PRODUCT_NAME = "$(TARGET_NAME)";
			};
			name = Debug;
		};
		6FAC4CF71F96118B0045DA7D /* Release */ = {
			isa = XCBuildConfiguration;
			buildSettings = {
				ASSETCATALOG_COMPILER_APPICON_NAME = AppIcon;
				DEVELOPMENT_TEAM = VGSJJLLG7M;
				ENABLE_BITCODE = NO;
				FRAMEWORK_SEARCH_PATHS = (
					"$(inherited)",
					"$(PROJECT_DIR)",
				);
				INFOPLIST_FILE = "$(SRCROOT)/Source/Targets/Alien Technology Demo/Info.plist";
				IPHONEOS_DEPLOYMENT_TARGET = 9.0;
				LD_RUNPATH_SEARCH_PATHS = "$(inherited) @executable_path/Frameworks";
				PRODUCT_BUNDLE_IDENTIFIER = com.nordicid.alientechnologydemo;
				PRODUCT_NAME = "$(TARGET_NAME)";
			};
			name = Release;
		};
/* End XCBuildConfiguration section */

/* Begin XCConfigurationList section */
		6F79596C1EC2D77600A458AA /* Build configuration list for PBXProject "Nordic ID RFID Demo" */ = {
			isa = XCConfigurationList;
			buildConfigurations = (
				6F7959861EC2D77700A458AA /* Debug */,
				6F7959871EC2D77700A458AA /* Release */,
			);
			defaultConfigurationIsVisible = 0;
			defaultConfigurationName = Release;
		};
		6F7959881EC2D77700A458AA /* Build configuration list for PBXNativeTarget "Nordic ID RFID Demo" */ = {
			isa = XCConfigurationList;
			buildConfigurations = (
				6F7959891EC2D77700A458AA /* Debug */,
				6F79598A1EC2D77700A458AA /* Release */,
			);
			defaultConfigurationIsVisible = 0;
			defaultConfigurationName = Release;
		};
		6FAC4CF51F96118B0045DA7D /* Build configuration list for PBXNativeTarget "Alien Technology Demo" */ = {
			isa = XCConfigurationList;
			buildConfigurations = (
				6FAC4CF61F96118B0045DA7D /* Debug */,
				6FAC4CF71F96118B0045DA7D /* Release */,
			);
			defaultConfigurationIsVisible = 0;
			defaultConfigurationName = Release;
		};
/* End XCConfigurationList section */
	};
	rootObject = 6F7959691EC2D77600A458AA /* Project object */;
}
